{
  "originHash" : "44513a06e3de24d69ee69afc61f6405abcec1b6584d950fe0856e03ec69daec3",
  "pins" : [
    {
      "identity" : "core",
      "kind" : "remoteSourceControl",
      "location" : "https://github.com/kelvinkosbab/Core.git",
      "state" : {
        "branch" : "main",
        "revision" : "87fd65bfbc4ecf9324239aba020c18fda4c07472"
      }
    }
  ],
  "version" : 3
}
