{
  "originHash" : "3a0ee33e77ed4c235cf41503e37c5d53a7ecab182f19783ddb010e9d29448c09",
  "pins" : [
    {
      "identity" : "core",
      "kind" : "remoteSourceControl",
      "location" : "https://github.com/kelvinkosbab/Core.git",
      "state" : {
        "branch" : "main",
        "revision" : "67c0bac84605edb361b0dea60a56d0703fc3800e"
      }
    },
    {
      "identity" : "swiftlintplugins",
      "kind" : "remoteSourceControl",
      "location" : "https://github.com/SimplyDanny/SwiftLintPlugins",
      "state" : {
        "revision" : "8a4640d14777685ba8f14e832373160498fbab92",
        "version" : "0.63.2"
      }
    }
  ],
  "version" : 3
}
