{
  "originHash" : "60fb47940b6e0119d74e39633fa7935f0cb57bae4d1518b0e11166db5053990d",
  "pins" : [
    {
      "identity" : "core",
      "kind" : "remoteSourceControl",
      "location" : "https://github.com/kelvinkosbab/Core.git",
      "state" : {
        "branch" : "main",
        "revision" : "d1939e2228a7eaa3f34cf8e72f2a9b196db6572f"
      }
    }
  ],
  "version" : 3
}
