// !$*UTF8*$!
{
	archiveVersion = 1;
	classes = {
	};
	objectVersion = 46;
	objects = {

/* Begin PBXBuildFile section */
		B603A6D81E12177700ED333D /* UIImage+Gif.swift in Sources */ = {isa = PBXBuildFile; fileRef = B603A6D71E12177700ED333D /* UIImage+Gif.swift */; };
		B6089C9A1E19D76D00C7CF29 /* ServiceDetailTableViewController.swift in Sources */ = {isa = PBXBuildFile; fileRef = B6089C991E19D76D00C7CF29 /* ServiceDetailTableViewController.swift */; };
		B6089C9C1E1A2A3900C7CF29 /* MyServiceType+CustomServiceType.swift in Sources */ = {isa = PBXBuildFile; fileRef = B6089C9B1E1A2A3900C7CF29 /* MyServiceType+CustomServiceType.swift */; };
		B62E19971E174236008BC91C /* MyLoadingManager.swift in Sources */ = {isa = PBXBuildFile; fileRef = B62E19961E174236008BC91C /* MyLoadingManager.swift */; };
		B63B27BD1E15A9BB003E13F0 /* MyNavigationController.swift in Sources */ = {isa = PBXBuildFile; fileRef = B63B27BC1E15A9BB003E13F0 /* MyNavigationController.swift */; };
		B63B27BF1E15AE62003E13F0 /* UIBarButtonItem+Util.swift in Sources */ = {isa = PBXBuildFile; fileRef = B63B27BE1E15AE62003E13F0 /* UIBarButtonItem+Util.swift */; };
		B64D06261E1A2C55008B3FC8 /* MyServiceType+Library.swift in Sources */ = {isa = PBXBuildFile; fileRef = B64D06251E1A2C55008B3FC8 /* MyServiceType+Library.swift */; };
		B679CC0A1E1618840056C7B5 /* MyRootController.swift in Sources */ = {isa = PBXBuildFile; fileRef = B679CC091E1618840056C7B5 /* MyRootController.swift */; };
		B679CC131E1624740056C7B5 /* PublishNetServiceSearchViewController.swift in Sources */ = {isa = PBXBuildFile; fileRef = B679CC121E1624740056C7B5 /* PublishNetServiceSearchViewController.swift */; };
		B679CC151E1624A20056C7B5 /* MyViewController.swift in Sources */ = {isa = PBXBuildFile; fileRef = B679CC141E1624A20056C7B5 /* MyViewController.swift */; };
		B679CC171E1647670056C7B5 /* MyBonjourPublishManager.swift in Sources */ = {isa = PBXBuildFile; fileRef = B679CC161E1647670056C7B5 /* MyBonjourPublishManager.swift */; };
		B67BB3281E18657F00A3228E /* AllServiceTypesTableViewController.swift in Sources */ = {isa = PBXBuildFile; fileRef = B67BB3271E18657F00A3228E /* AllServiceTypesTableViewController.swift */; };
		B68262231E18200D00D0445D /* Info.storyboard in Resources */ = {isa = PBXBuildFile; fileRef = B68262221E18200D00D0445D /* Info.storyboard */; };
		B6833CBD1E3D44F200F56A90 /* BluetoothDeviceCell.swift in Sources */ = {isa = PBXBuildFile; fileRef = B6833CBC1E3D44F200F56A90 /* BluetoothDeviceCell.swift */; };
		B6859C501E282915001B8245 /* UIColor+Util.swift in Sources */ = {isa = PBXBuildFile; fileRef = B6859C4F1E282915001B8245 /* UIColor+Util.swift */; };
		B68B21221E4798F600BE2CA2 /* ServiceDetailHeaderCell.swift in Sources */ = {isa = PBXBuildFile; fileRef = B68B21211E4798F600BE2CA2 /* ServiceDetailHeaderCell.swift */; };
		B68B21251E47A0AB00BE2CA2 /* ServiceDetailSimpleHeaderCell.swift in Sources */ = {isa = PBXBuildFile; fileRef = B68B21241E47A0AB00BE2CA2 /* ServiceDetailSimpleHeaderCell.swift */; };
		B68B21271E47A2C700BE2CA2 /* ServiceDetailAddressCell.swift in Sources */ = {isa = PBXBuildFile; fileRef = B68B21261E47A2C700BE2CA2 /* ServiceDetailAddressCell.swift */; };
		B68B21291E47A2E100BE2CA2 /* ServiceDetailKeyValueCell.swift in Sources */ = {isa = PBXBuildFile; fileRef = B68B21281E47A2E100BE2CA2 /* ServiceDetailKeyValueCell.swift */; };
		B68B212B1E47A4F500BE2CA2 /* ServiceDetailLoadingCell.swift in Sources */ = {isa = PBXBuildFile; fileRef = B68B212A1E47A4F500BE2CA2 /* ServiceDetailLoadingCell.swift */; };
		B68B212D1E47A55800BE2CA2 /* ServiceDetailSimpleCell.swift in Sources */ = {isa = PBXBuildFile; fileRef = B68B212C1E47A55800BE2CA2 /* ServiceDetailSimpleCell.swift */; };
		B68B212F1E47A65C00BE2CA2 /* ServiceDetailDescriptionCell.swift in Sources */ = {isa = PBXBuildFile; fileRef = B68B212E1E47A65C00BE2CA2 /* ServiceDetailDescriptionCell.swift */; };
		B68B7DDF2003287100E592D9 /* Data+Util.swift in Sources */ = {isa = PBXBuildFile; fileRef = B68B7DDE2003287100E592D9 /* Data+Util.swift */; };
		B68EC5A01E2F226A00C9D5CC /* BluetoothViewController.swift in Sources */ = {isa = PBXBuildFile; fileRef = B68EC59F1E2F226A00C9D5CC /* BluetoothViewController.swift */; };
		B68EEA3D1E46706E00831CC4 /* MyCollectionViewController.swift in Sources */ = {isa = PBXBuildFile; fileRef = B68EEA3C1E46706E00831CC4 /* MyCollectionViewController.swift */; };
		B68EEA3F1E46709000831CC4 /* EmptyStateProtocol.swift in Sources */ = {isa = PBXBuildFile; fileRef = B68EEA3E1E46709000831CC4 /* EmptyStateProtocol.swift */; };
		B68EEA431E467CD300831CC4 /* MyViewControllerIdentifierProtocol.swift in Sources */ = {isa = PBXBuildFile; fileRef = B68EEA421E467CD300831CC4 /* MyViewControllerIdentifierProtocol.swift */; };
		B68EEA451E46800700831CC4 /* MyTabBarController.swift in Sources */ = {isa = PBXBuildFile; fileRef = B68EEA441E46800700831CC4 /* MyTabBarController.swift */; };
		B68EEA471E4685E200831CC4 /* ServicesViewController.swift in Sources */ = {isa = PBXBuildFile; fileRef = B68EEA461E4685E200831CC4 /* ServicesViewController.swift */; };
		B68EEA4C1E46C1C800831CC4 /* Services.storyboard in Resources */ = {isa = PBXBuildFile; fileRef = B68EEA4B1E46C1C800831CC4 /* Services.storyboard */; };
		B68EEA511E470D4A00831CC4 /* PublishedServicesViewController.swift in Sources */ = {isa = PBXBuildFile; fileRef = B68EEA501E470D4A00831CC4 /* PublishedServicesViewController.swift */; };
		B68EEA531E47101600831CC4 /* ServicesHeaderView.swift in Sources */ = {isa = PBXBuildFile; fileRef = B68EEA521E47101600831CC4 /* ServicesHeaderView.swift */; };
		B68EEA551E47103100831CC4 /* ServicesFooterView.swift in Sources */ = {isa = PBXBuildFile; fileRef = B68EEA541E47103100831CC4 /* ServicesFooterView.swift */; };
		B68EEA571E47104D00831CC4 /* ServicesServiceCell.swift in Sources */ = {isa = PBXBuildFile; fileRef = B68EEA561E47104D00831CC4 /* ServicesServiceCell.swift */; };
		B68EEA591E47107F00831CC4 /* PublishedServicesHeaderView.swift in Sources */ = {isa = PBXBuildFile; fileRef = B68EEA581E47107F00831CC4 /* PublishedServicesHeaderView.swift */; };
		B68EEA5B1E4710B700831CC4 /* PublishedServicesFooterView.swift in Sources */ = {isa = PBXBuildFile; fileRef = B68EEA5A1E4710B700831CC4 /* PublishedServicesFooterView.swift */; };
		B68EEA5D1E47137600831CC4 /* PublishedServiceCell.swift in Sources */ = {isa = PBXBuildFile; fileRef = B68EEA5C1E47137600831CC4 /* PublishedServiceCell.swift */; };
		B68EEA5F1E471E6300831CC4 /* SettingsViewController.swift in Sources */ = {isa = PBXBuildFile; fileRef = B68EEA5E1E471E6300831CC4 /* SettingsViewController.swift */; };
		B68EEA611E471F4200831CC4 /* SettingsHeaderView.swift in Sources */ = {isa = PBXBuildFile; fileRef = B68EEA601E471F4200831CC4 /* SettingsHeaderView.swift */; };
		B68EEA631E471FD000831CC4 /* SettingsItemCell.swift in Sources */ = {isa = PBXBuildFile; fileRef = B68EEA621E471FD000831CC4 /* SettingsItemCell.swift */; };
		B68EEA651E47204E00831CC4 /* SettingsKeyValueCell.swift in Sources */ = {isa = PBXBuildFile; fileRef = B68EEA641E47204E00831CC4 /* SettingsKeyValueCell.swift */; };
		B68EEA671E472B1B00831CC4 /* SettingsFooterView.swift in Sources */ = {isa = PBXBuildFile; fileRef = B68EEA661E472B1B00831CC4 /* SettingsFooterView.swift */; };
		B691545F1E1317A000382F41 /* MyAddress.swift in Sources */ = {isa = PBXBuildFile; fileRef = B691545E1E1317A000382F41 /* MyAddress.swift */; };
		B69154631E138E4A00382F41 /* MyTableViewController.swift in Sources */ = {isa = PBXBuildFile; fileRef = B69154621E138E4A00382F41 /* MyTableViewController.swift */; };
		B69154651E13906500382F41 /* String+Util.swift in Sources */ = {isa = PBXBuildFile; fileRef = B69154641E13906500382F41 /* String+Util.swift */; };
		B6AE537C1E16D45700FB57E3 /* PresentableController.swift in Sources */ = {isa = PBXBuildFile; fileRef = B6AE537B1E16D45700FB57E3 /* PresentableController.swift */; };
		B6AE53801E16E9F600FB57E3 /* UIDevice+Util.swift in Sources */ = {isa = PBXBuildFile; fileRef = B6AE537F1E16E9F600FB57E3 /* UIDevice+Util.swift */; };
		B6AE53841E17090A00FB57E3 /* PublishDetailCreateViewController.swift in Sources */ = {isa = PBXBuildFile; fileRef = B6AE53831E17090A00FB57E3 /* PublishDetailCreateViewController.swift */; };
		B6AE53861E170A6400FB57E3 /* PublishDetailExistingViewController.swift in Sources */ = {isa = PBXBuildFile; fileRef = B6AE53851E170A6400FB57E3 /* PublishDetailExistingViewController.swift */; };
		B6BD8C7E2002C59F009327B2 /* Log.swift in Sources */ = {isa = PBXBuildFile; fileRef = B6BD8C7D2002C59F009327B2 /* Log.swift */; };
		B6BD8C802002C6E2009327B2 /* MyBluetoothManager.swift in Sources */ = {isa = PBXBuildFile; fileRef = B6BD8C7F2002C6E2009327B2 /* MyBluetoothManager.swift */; };
		B6BD8C822002C6F9009327B2 /* MyBluetoothManager+State.swift in Sources */ = {isa = PBXBuildFile; fileRef = B6BD8C812002C6F9009327B2 /* MyBluetoothManager+State.swift */; };
		B6BD8C842002C715009327B2 /* MyBluetoothDevice.swift in Sources */ = {isa = PBXBuildFile; fileRef = B6BD8C832002C715009327B2 /* MyBluetoothDevice.swift */; };
		B6BD8C8C2002E0ED009327B2 /* BluetoothDeviceDetailViewController.swift in Sources */ = {isa = PBXBuildFile; fileRef = B6BD8C8B2002E0ED009327B2 /* BluetoothDeviceDetailViewController.swift */; };
		B6BD8C8E2002FE1C009327B2 /* Bluetooth.storyboard in Resources */ = {isa = PBXBuildFile; fileRef = B6BD8C8D2002FE1C009327B2 /* Bluetooth.storyboard */; };
		B6BD8C9020030540009327B2 /* BluetoothCharacteristicDetailViewController.swift in Sources */ = {isa = PBXBuildFile; fileRef = B6BD8C8F2003053F009327B2 /* BluetoothCharacteristicDetailViewController.swift */; };
		B6C4BC521E1CC2CD004409F1 /* TableViewCells.swift in Sources */ = {isa = PBXBuildFile; fileRef = B6C4BC511E1CC2CD004409F1 /* TableViewCells.swift */; };
		B6C4BC551E1CD30A004409F1 /* CreateServiceTypeTableViewController.swift in Sources */ = {isa = PBXBuildFile; fileRef = B6C4BC541E1CD30A004409F1 /* CreateServiceTypeTableViewController.swift */; };
		B6CE1D281E1208C1003D4FFA /* AppDelegate.swift in Sources */ = {isa = PBXBuildFile; fileRef = B6CE1D271E1208C1003D4FFA /* AppDelegate.swift */; };
		B6CE1D301E1208C1003D4FFA /* iDiscover.xcdatamodeld in Sources */ = {isa = PBXBuildFile; fileRef = B6CE1D2E1E1208C1003D4FFA /* iDiscover.xcdatamodeld */; };
		B6CE1D321E1208C1003D4FFA /* Assets.xcassets in Resources */ = {isa = PBXBuildFile; fileRef = B6CE1D311E1208C1003D4FFA /* Assets.xcassets */; };
		B6CE1D351E1208C1003D4FFA /* LaunchScreen.storyboard in Resources */ = {isa = PBXBuildFile; fileRef = B6CE1D331E1208C1003D4FFA /* LaunchScreen.storyboard */; };
		B6CE1D471E120ADC003D4FFA /* Date+Util.swift in Sources */ = {isa = PBXBuildFile; fileRef = B6CE1D451E120ADC003D4FFA /* Date+Util.swift */; };
		B6CE1D4A1E120AF8003D4FFA /* service-names-port-numbers.csv in Resources */ = {isa = PBXBuildFile; fileRef = B6CE1D491E120AF8003D4FFA /* service-names-port-numbers.csv */; };
		B6CE1D4F1E120B90003D4FFA /* MyClassProtocol.swift in Sources */ = {isa = PBXBuildFile; fileRef = B6CE1D4D1E120B90003D4FFA /* MyClassProtocol.swift */; };
		B6CE1D501E120B90003D4FFA /* UIViewController+Util.swift in Sources */ = {isa = PBXBuildFile; fileRef = B6CE1D4E1E120B90003D4FFA /* UIViewController+Util.swift */; };
		B6CE1D521E120B9F003D4FFA /* MyDataManagerObject.swift in Sources */ = {isa = PBXBuildFile; fileRef = B6CE1D511E120B9F003D4FFA /* MyDataManagerObject.swift */; };
		B6CE1D551E120BF4003D4FFA /* MyCoreDataStack.swift in Sources */ = {isa = PBXBuildFile; fileRef = B6CE1D531E120BF4003D4FFA /* MyCoreDataStack.swift */; };
		B6CE1D561E120BF4003D4FFA /* MyDataManager.swift in Sources */ = {isa = PBXBuildFile; fileRef = B6CE1D541E120BF4003D4FFA /* MyDataManager.swift */; };
		B6CE1D5C1E120CCC003D4FFA /* MyBonjourManager.swift in Sources */ = {isa = PBXBuildFile; fileRef = B6CE1D571E120CCC003D4FFA /* MyBonjourManager.swift */; };
		B6CE1D5D1E120CCC003D4FFA /* MyNetBrowserState.swift in Sources */ = {isa = PBXBuildFile; fileRef = B6CE1D581E120CCC003D4FFA /* MyNetBrowserState.swift */; };
		B6CE1D5E1E120CCC003D4FFA /* MyNetService.swift in Sources */ = {isa = PBXBuildFile; fileRef = B6CE1D591E120CCC003D4FFA /* MyNetService.swift */; };
		B6CE1D5F1E120CCC003D4FFA /* MyNetServiceBrowser.swift in Sources */ = {isa = PBXBuildFile; fileRef = B6CE1D5A1E120CCC003D4FFA /* MyNetServiceBrowser.swift */; };
		B6CE1D601E120CCC003D4FFA /* MyServiceType.swift in Sources */ = {isa = PBXBuildFile; fileRef = B6CE1D5B1E120CCC003D4FFA /* MyServiceType.swift */; };
		B6CE1D621E120D10003D4FFA /* Main.storyboard in Resources */ = {isa = PBXBuildFile; fileRef = B6CE1D611E120D10003D4FFA /* Main.storyboard */; };
		B6CE1D661E120E4D003D4FFA /* CustomServiceType.swift in Sources */ = {isa = PBXBuildFile; fileRef = B6CE1D641E120E4D003D4FFA /* CustomServiceType.swift */; };
/* End PBXBuildFile section */

/* Begin PBXFileReference section */
		B603A6D71E12177700ED333D /* UIImage+Gif.swift */ = {isa = PBXFileReference; fileEncoding = 4; lastKnownFileType = sourcecode.swift; path = "UIImage+Gif.swift"; sourceTree = "<group>"; };
		B6089C991E19D76D00C7CF29 /* ServiceDetailTableViewController.swift */ = {isa = PBXFileReference; fileEncoding = 4; lastKnownFileType = sourcecode.swift; path = ServiceDetailTableViewController.swift; sourceTree = "<group>"; };
		B6089C9B1E1A2A3900C7CF29 /* MyServiceType+CustomServiceType.swift */ = {isa = PBXFileReference; fileEncoding = 4; lastKnownFileType = sourcecode.swift; path = "MyServiceType+CustomServiceType.swift"; sourceTree = "<group>"; };
		B62E19961E174236008BC91C /* MyLoadingManager.swift */ = {isa = PBXFileReference; fileEncoding = 4; lastKnownFileType = sourcecode.swift; path = MyLoadingManager.swift; sourceTree = "<group>"; };
		B63B27BC1E15A9BB003E13F0 /* MyNavigationController.swift */ = {isa = PBXFileReference; fileEncoding = 4; lastKnownFileType = sourcecode.swift; path = MyNavigationController.swift; sourceTree = "<group>"; };
		B63B27BE1E15AE62003E13F0 /* UIBarButtonItem+Util.swift */ = {isa = PBXFileReference; fileEncoding = 4; lastKnownFileType = sourcecode.swift; path = "UIBarButtonItem+Util.swift"; sourceTree = "<group>"; };
		B64D06251E1A2C55008B3FC8 /* MyServiceType+Library.swift */ = {isa = PBXFileReference; fileEncoding = 4; lastKnownFileType = sourcecode.swift; path = "MyServiceType+Library.swift"; sourceTree = "<group>"; };
		B679CC091E1618840056C7B5 /* MyRootController.swift */ = {isa = PBXFileReference; fileEncoding = 4; lastKnownFileType = sourcecode.swift; path = MyRootController.swift; sourceTree = "<group>"; };
		B679CC121E1624740056C7B5 /* PublishNetServiceSearchViewController.swift */ = {isa = PBXFileReference; fileEncoding = 4; lastKnownFileType = sourcecode.swift; path = PublishNetServiceSearchViewController.swift; sourceTree = "<group>"; };
		B679CC141E1624A20056C7B5 /* MyViewController.swift */ = {isa = PBXFileReference; fileEncoding = 4; lastKnownFileType = sourcecode.swift; path = MyViewController.swift; sourceTree = "<group>"; };
		B679CC161E1647670056C7B5 /* MyBonjourPublishManager.swift */ = {isa = PBXFileReference; fileEncoding = 4; lastKnownFileType = sourcecode.swift; path = MyBonjourPublishManager.swift; sourceTree = "<group>"; };
		B67BB3271E18657F00A3228E /* AllServiceTypesTableViewController.swift */ = {isa = PBXFileReference; fileEncoding = 4; lastKnownFileType = sourcecode.swift; path = AllServiceTypesTableViewController.swift; sourceTree = "<group>"; };
		B68262221E18200D00D0445D /* Info.storyboard */ = {isa = PBXFileReference; fileEncoding = 4; lastKnownFileType = file.storyboard; path = Info.storyboard; sourceTree = "<group>"; };
		B6833CBC1E3D44F200F56A90 /* BluetoothDeviceCell.swift */ = {isa = PBXFileReference; fileEncoding = 4; lastKnownFileType = sourcecode.swift; path = BluetoothDeviceCell.swift; sourceTree = "<group>"; };
		B6859C4F1E282915001B8245 /* UIColor+Util.swift */ = {isa = PBXFileReference; fileEncoding = 4; lastKnownFileType = sourcecode.swift; path = "UIColor+Util.swift"; sourceTree = "<group>"; };
		B68B21211E4798F600BE2CA2 /* ServiceDetailHeaderCell.swift */ = {isa = PBXFileReference; fileEncoding = 4; lastKnownFileType = sourcecode.swift; path = ServiceDetailHeaderCell.swift; sourceTree = "<group>"; };
		B68B21241E47A0AB00BE2CA2 /* ServiceDetailSimpleHeaderCell.swift */ = {isa = PBXFileReference; fileEncoding = 4; lastKnownFileType = sourcecode.swift; path = ServiceDetailSimpleHeaderCell.swift; sourceTree = "<group>"; };
		B68B21261E47A2C700BE2CA2 /* ServiceDetailAddressCell.swift */ = {isa = PBXFileReference; fileEncoding = 4; lastKnownFileType = sourcecode.swift; path = ServiceDetailAddressCell.swift; sourceTree = "<group>"; };
		B68B21281E47A2E100BE2CA2 /* ServiceDetailKeyValueCell.swift */ = {isa = PBXFileReference; fileEncoding = 4; lastKnownFileType = sourcecode.swift; path = ServiceDetailKeyValueCell.swift; sourceTree = "<group>"; };
		B68B212A1E47A4F500BE2CA2 /* ServiceDetailLoadingCell.swift */ = {isa = PBXFileReference; fileEncoding = 4; lastKnownFileType = sourcecode.swift; path = ServiceDetailLoadingCell.swift; sourceTree = "<group>"; };
		B68B212C1E47A55800BE2CA2 /* ServiceDetailSimpleCell.swift */ = {isa = PBXFileReference; fileEncoding = 4; lastKnownFileType = sourcecode.swift; path = ServiceDetailSimpleCell.swift; sourceTree = "<group>"; };
		B68B212E1E47A65C00BE2CA2 /* ServiceDetailDescriptionCell.swift */ = {isa = PBXFileReference; fileEncoding = 4; lastKnownFileType = sourcecode.swift; path = ServiceDetailDescriptionCell.swift; sourceTree = "<group>"; };
		B68B7DDE2003287100E592D9 /* Data+Util.swift */ = {isa = PBXFileReference; lastKnownFileType = sourcecode.swift; path = "Data+Util.swift"; sourceTree = "<group>"; };
		B68EC59F1E2F226A00C9D5CC /* BluetoothViewController.swift */ = {isa = PBXFileReference; fileEncoding = 4; lastKnownFileType = sourcecode.swift; path = BluetoothViewController.swift; sourceTree = "<group>"; };
		B68EEA3C1E46706E00831CC4 /* MyCollectionViewController.swift */ = {isa = PBXFileReference; fileEncoding = 4; lastKnownFileType = sourcecode.swift; path = MyCollectionViewController.swift; sourceTree = "<group>"; };
		B68EEA3E1E46709000831CC4 /* EmptyStateProtocol.swift */ = {isa = PBXFileReference; fileEncoding = 4; lastKnownFileType = sourcecode.swift; path = EmptyStateProtocol.swift; sourceTree = "<group>"; };
		B68EEA421E467CD300831CC4 /* MyViewControllerIdentifierProtocol.swift */ = {isa = PBXFileReference; fileEncoding = 4; lastKnownFileType = sourcecode.swift; path = MyViewControllerIdentifierProtocol.swift; sourceTree = "<group>"; };
		B68EEA441E46800700831CC4 /* MyTabBarController.swift */ = {isa = PBXFileReference; fileEncoding = 4; lastKnownFileType = sourcecode.swift; path = MyTabBarController.swift; sourceTree = "<group>"; };
		B68EEA461E4685E200831CC4 /* ServicesViewController.swift */ = {isa = PBXFileReference; fileEncoding = 4; lastKnownFileType = sourcecode.swift; path = ServicesViewController.swift; sourceTree = "<group>"; };
		B68EEA4B1E46C1C800831CC4 /* Services.storyboard */ = {isa = PBXFileReference; fileEncoding = 4; lastKnownFileType = file.storyboard; path = Services.storyboard; sourceTree = "<group>"; };
		B68EEA501E470D4A00831CC4 /* PublishedServicesViewController.swift */ = {isa = PBXFileReference; fileEncoding = 4; lastKnownFileType = sourcecode.swift; path = PublishedServicesViewController.swift; sourceTree = "<group>"; };
		B68EEA521E47101600831CC4 /* ServicesHeaderView.swift */ = {isa = PBXFileReference; fileEncoding = 4; lastKnownFileType = sourcecode.swift; path = ServicesHeaderView.swift; sourceTree = "<group>"; };
		B68EEA541E47103100831CC4 /* ServicesFooterView.swift */ = {isa = PBXFileReference; fileEncoding = 4; lastKnownFileType = sourcecode.swift; path = ServicesFooterView.swift; sourceTree = "<group>"; };
		B68EEA561E47104D00831CC4 /* ServicesServiceCell.swift */ = {isa = PBXFileReference; fileEncoding = 4; lastKnownFileType = sourcecode.swift; path = ServicesServiceCell.swift; sourceTree = "<group>"; };
		B68EEA581E47107F00831CC4 /* PublishedServicesHeaderView.swift */ = {isa = PBXFileReference; fileEncoding = 4; lastKnownFileType = sourcecode.swift; path = PublishedServicesHeaderView.swift; sourceTree = "<group>"; };
		B68EEA5A1E4710B700831CC4 /* PublishedServicesFooterView.swift */ = {isa = PBXFileReference; fileEncoding = 4; lastKnownFileType = sourcecode.swift; path = PublishedServicesFooterView.swift; sourceTree = "<group>"; };
		B68EEA5C1E47137600831CC4 /* PublishedServiceCell.swift */ = {isa = PBXFileReference; fileEncoding = 4; lastKnownFileType = sourcecode.swift; path = PublishedServiceCell.swift; sourceTree = "<group>"; };
		B68EEA5E1E471E6300831CC4 /* SettingsViewController.swift */ = {isa = PBXFileReference; fileEncoding = 4; lastKnownFileType = sourcecode.swift; path = SettingsViewController.swift; sourceTree = "<group>"; };
		B68EEA601E471F4200831CC4 /* SettingsHeaderView.swift */ = {isa = PBXFileReference; fileEncoding = 4; lastKnownFileType = sourcecode.swift; path = SettingsHeaderView.swift; sourceTree = "<group>"; };
		B68EEA621E471FD000831CC4 /* SettingsItemCell.swift */ = {isa = PBXFileReference; fileEncoding = 4; lastKnownFileType = sourcecode.swift; path = SettingsItemCell.swift; sourceTree = "<group>"; };
		B68EEA641E47204E00831CC4 /* SettingsKeyValueCell.swift */ = {isa = PBXFileReference; fileEncoding = 4; lastKnownFileType = sourcecode.swift; path = SettingsKeyValueCell.swift; sourceTree = "<group>"; };
		B68EEA661E472B1B00831CC4 /* SettingsFooterView.swift */ = {isa = PBXFileReference; fileEncoding = 4; lastKnownFileType = sourcecode.swift; path = SettingsFooterView.swift; sourceTree = "<group>"; };
		B691545E1E1317A000382F41 /* MyAddress.swift */ = {isa = PBXFileReference; fileEncoding = 4; lastKnownFileType = sourcecode.swift; path = MyAddress.swift; sourceTree = "<group>"; };
		B69154621E138E4A00382F41 /* MyTableViewController.swift */ = {isa = PBXFileReference; fileEncoding = 4; lastKnownFileType = sourcecode.swift; path = MyTableViewController.swift; sourceTree = "<group>"; };
		B69154641E13906500382F41 /* String+Util.swift */ = {isa = PBXFileReference; fileEncoding = 4; lastKnownFileType = sourcecode.swift; path = "String+Util.swift"; sourceTree = "<group>"; };
		B6AE537B1E16D45700FB57E3 /* PresentableController.swift */ = {isa = PBXFileReference; fileEncoding = 4; lastKnownFileType = sourcecode.swift; path = PresentableController.swift; sourceTree = "<group>"; };
		B6AE537F1E16E9F600FB57E3 /* UIDevice+Util.swift */ = {isa = PBXFileReference; fileEncoding = 4; lastKnownFileType = sourcecode.swift; path = "UIDevice+Util.swift"; sourceTree = "<group>"; };
		B6AE53831E17090A00FB57E3 /* PublishDetailCreateViewController.swift */ = {isa = PBXFileReference; fileEncoding = 4; lastKnownFileType = sourcecode.swift; path = PublishDetailCreateViewController.swift; sourceTree = "<group>"; };
		B6AE53851E170A6400FB57E3 /* PublishDetailExistingViewController.swift */ = {isa = PBXFileReference; fileEncoding = 4; lastKnownFileType = sourcecode.swift; path = PublishDetailExistingViewController.swift; sourceTree = "<group>"; };
		B6BD8C7D2002C59F009327B2 /* Log.swift */ = {isa = PBXFileReference; lastKnownFileType = sourcecode.swift; path = Log.swift; sourceTree = "<group>"; };
		B6BD8C7F2002C6E2009327B2 /* MyBluetoothManager.swift */ = {isa = PBXFileReference; lastKnownFileType = sourcecode.swift; path = MyBluetoothManager.swift; sourceTree = "<group>"; };
		B6BD8C812002C6F9009327B2 /* MyBluetoothManager+State.swift */ = {isa = PBXFileReference; lastKnownFileType = sourcecode.swift; path = "MyBluetoothManager+State.swift"; sourceTree = "<group>"; };
		B6BD8C832002C715009327B2 /* MyBluetoothDevice.swift */ = {isa = PBXFileReference; lastKnownFileType = sourcecode.swift; path = MyBluetoothDevice.swift; sourceTree = "<group>"; };
		B6BD8C8B2002E0ED009327B2 /* BluetoothDeviceDetailViewController.swift */ = {isa = PBXFileReference; lastKnownFileType = sourcecode.swift; path = BluetoothDeviceDetailViewController.swift; sourceTree = "<group>"; };
		B6BD8C8D2002FE1C009327B2 /* Bluetooth.storyboard */ = {isa = PBXFileReference; lastKnownFileType = file.storyboard; path = Bluetooth.storyboard; sourceTree = "<group>"; };
		B6BD8C8F2003053F009327B2 /* BluetoothCharacteristicDetailViewController.swift */ = {isa = PBXFileReference; lastKnownFileType = sourcecode.swift; path = BluetoothCharacteristicDetailViewController.swift; sourceTree = "<group>"; };
		B6C4BC511E1CC2CD004409F1 /* TableViewCells.swift */ = {isa = PBXFileReference; fileEncoding = 4; lastKnownFileType = sourcecode.swift; path = TableViewCells.swift; sourceTree = "<group>"; };
		B6C4BC541E1CD30A004409F1 /* CreateServiceTypeTableViewController.swift */ = {isa = PBXFileReference; fileEncoding = 4; lastKnownFileType = sourcecode.swift; path = CreateServiceTypeTableViewController.swift; sourceTree = "<group>"; };
		B6CE1D241E1208C1003D4FFA /* KozBon.app */ = {isa = PBXFileReference; explicitFileType = wrapper.application; includeInIndex = 0; path = KozBon.app; sourceTree = BUILT_PRODUCTS_DIR; };
		B6CE1D271E1208C1003D4FFA /* AppDelegate.swift */ = {isa = PBXFileReference; lastKnownFileType = sourcecode.swift; path = AppDelegate.swift; sourceTree = "<group>"; };
		B6CE1D2F1E1208C1003D4FFA /* iDiscover.xcdatamodel */ = {isa = PBXFileReference; lastKnownFileType = wrapper.xcdatamodel; path = iDiscover.xcdatamodel; sourceTree = "<group>"; };
		B6CE1D311E1208C1003D4FFA /* Assets.xcassets */ = {isa = PBXFileReference; lastKnownFileType = folder.assetcatalog; path = Assets.xcassets; sourceTree = "<group>"; };
		B6CE1D341E1208C1003D4FFA /* Base */ = {isa = PBXFileReference; lastKnownFileType = file.storyboard; name = Base; path = Base.lproj/LaunchScreen.storyboard; sourceTree = "<group>"; };
		B6CE1D361E1208C1003D4FFA /* Info.plist */ = {isa = PBXFileReference; lastKnownFileType = text.plist.xml; path = Info.plist; sourceTree = "<group>"; };
		B6CE1D451E120ADC003D4FFA /* Date+Util.swift */ = {isa = PBXFileReference; fileEncoding = 4; lastKnownFileType = sourcecode.swift; path = "Date+Util.swift"; sourceTree = "<group>"; };
		B6CE1D491E120AF8003D4FFA /* service-names-port-numbers.csv */ = {isa = PBXFileReference; fileEncoding = 4; lastKnownFileType = text; path = "service-names-port-numbers.csv"; sourceTree = "<group>"; };
		B6CE1D4D1E120B90003D4FFA /* MyClassProtocol.swift */ = {isa = PBXFileReference; fileEncoding = 4; lastKnownFileType = sourcecode.swift; path = MyClassProtocol.swift; sourceTree = "<group>"; };
		B6CE1D4E1E120B90003D4FFA /* UIViewController+Util.swift */ = {isa = PBXFileReference; fileEncoding = 4; lastKnownFileType = sourcecode.swift; path = "UIViewController+Util.swift"; sourceTree = "<group>"; };
		B6CE1D511E120B9F003D4FFA /* MyDataManagerObject.swift */ = {isa = PBXFileReference; fileEncoding = 4; lastKnownFileType = sourcecode.swift; path = MyDataManagerObject.swift; sourceTree = "<group>"; };
		B6CE1D531E120BF4003D4FFA /* MyCoreDataStack.swift */ = {isa = PBXFileReference; fileEncoding = 4; lastKnownFileType = sourcecode.swift; path = MyCoreDataStack.swift; sourceTree = "<group>"; };
		B6CE1D541E120BF4003D4FFA /* MyDataManager.swift */ = {isa = PBXFileReference; fileEncoding = 4; lastKnownFileType = sourcecode.swift; path = MyDataManager.swift; sourceTree = "<group>"; };
		B6CE1D571E120CCC003D4FFA /* MyBonjourManager.swift */ = {isa = PBXFileReference; fileEncoding = 4; lastKnownFileType = sourcecode.swift; path = MyBonjourManager.swift; sourceTree = "<group>"; };
		B6CE1D581E120CCC003D4FFA /* MyNetBrowserState.swift */ = {isa = PBXFileReference; fileEncoding = 4; lastKnownFileType = sourcecode.swift; path = MyNetBrowserState.swift; sourceTree = "<group>"; };
		B6CE1D591E120CCC003D4FFA /* MyNetService.swift */ = {isa = PBXFileReference; fileEncoding = 4; lastKnownFileType = sourcecode.swift; path = MyNetService.swift; sourceTree = "<group>"; };
		B6CE1D5A1E120CCC003D4FFA /* MyNetServiceBrowser.swift */ = {isa = PBXFileReference; fileEncoding = 4; lastKnownFileType = sourcecode.swift; path = MyNetServiceBrowser.swift; sourceTree = "<group>"; };
		B6CE1D5B1E120CCC003D4FFA /* MyServiceType.swift */ = {isa = PBXFileReference; fileEncoding = 4; lastKnownFileType = sourcecode.swift; path = MyServiceType.swift; sourceTree = "<group>"; };
		B6CE1D611E120D10003D4FFA /* Main.storyboard */ = {isa = PBXFileReference; fileEncoding = 4; lastKnownFileType = file.storyboard; path = Main.storyboard; sourceTree = "<group>"; };
		B6CE1D641E120E4D003D4FFA /* CustomServiceType.swift */ = {isa = PBXFileReference; fileEncoding = 4; lastKnownFileType = sourcecode.swift; name = CustomServiceType.swift; path = "Managed Objects/CustomServiceType.swift"; sourceTree = "<group>"; };
/* End PBXFileReference section */

/* Begin PBXFrameworksBuildPhase section */
		B6CE1D211E1208C1003D4FFA /* Frameworks */ = {
			isa = PBXFrameworksBuildPhase;
			buildActionMask = 2147483647;
			files = (
			);
			runOnlyForDeploymentPostprocessing = 0;
		};
/* End PBXFrameworksBuildPhase section */

/* Begin PBXGroup section */
		B679CC101E16243C0056C7B5 /* Creating a Service Type */ = {
			isa = PBXGroup;
			children = (
				B6C4BC541E1CD30A004409F1 /* CreateServiceTypeTableViewController.swift */,
			);
			name = "Creating a Service Type";
			sourceTree = "<group>";
		};
		B682621F1E1818B800D0445D /* Info */ = {
			isa = PBXGroup;
			children = (
				B68EEA5E1E471E6300831CC4 /* SettingsViewController.swift */,
				B68EEA601E471F4200831CC4 /* SettingsHeaderView.swift */,
				B68EEA661E472B1B00831CC4 /* SettingsFooterView.swift */,
				B68EEA621E471FD000831CC4 /* SettingsItemCell.swift */,
				B68EEA641E47204E00831CC4 /* SettingsKeyValueCell.swift */,
			);
			name = Info;
			sourceTree = "<group>";
		};
		B68B21231E47A00800BE2CA2 /* Service Detail */ = {
			isa = PBXGroup;
			children = (
				B6089C991E19D76D00C7CF29 /* ServiceDetailTableViewController.swift */,
				B68B21211E4798F600BE2CA2 /* ServiceDetailHeaderCell.swift */,
				B68B21241E47A0AB00BE2CA2 /* ServiceDetailSimpleHeaderCell.swift */,
				B68B21261E47A2C700BE2CA2 /* ServiceDetailAddressCell.swift */,
				B68B21281E47A2E100BE2CA2 /* ServiceDetailKeyValueCell.swift */,
				B68B212E1E47A65C00BE2CA2 /* ServiceDetailDescriptionCell.swift */,
				B68B212A1E47A4F500BE2CA2 /* ServiceDetailLoadingCell.swift */,
				B68B212C1E47A55800BE2CA2 /* ServiceDetailSimpleCell.swift */,
			);
			name = "Service Detail";
			sourceTree = "<group>";
		};
		B68B21301E47ACD700BE2CA2 /* Listing / Searching Services */ = {
			isa = PBXGroup;
			children = (
				B67BB3271E18657F00A3228E /* AllServiceTypesTableViewController.swift */,
				B679CC121E1624740056C7B5 /* PublishNetServiceSearchViewController.swift */,
			);
			name = "Listing / Searching Services";
			sourceTree = "<group>";
		};
		B68B21311E47AD4700BE2CA2 /* Publishing a Service */ = {
			isa = PBXGroup;
			children = (
				B6AE53851E170A6400FB57E3 /* PublishDetailExistingViewController.swift */,
				B6AE53831E17090A00FB57E3 /* PublishDetailCreateViewController.swift */,
			);
			name = "Publishing a Service";
			sourceTree = "<group>";
		};
		B68B21321E47AF6600BE2CA2 /* Bonjour Services */ = {
			isa = PBXGroup;
			children = (
				B68EEA481E46869100831CC4 /* Services */,
				B68EEA4F1E470D3100831CC4 /* Publish Services */,
				B68B21231E47A00800BE2CA2 /* Service Detail */,
				B68B21301E47ACD700BE2CA2 /* Listing / Searching Services */,
				B679CC101E16243C0056C7B5 /* Creating a Service Type */,
			);
			name = "Bonjour Services";
			sourceTree = "<group>";
		};
		B68EC59E1E2F1F1300C9D5CC /* Bluetooth */ = {
			isa = PBXGroup;
			children = (
				B6BD8C892002E0AE009327B2 /* Bluetooth Device List */,
				B6BD8C8A2002E0CD009327B2 /* Bluetooth Device Detail */,
				B6BD8C9120030587009327B2 /* Bluetooth Characteristic Detail */,
			);
			name = Bluetooth;
			sourceTree = "<group>";
		};
		B68EEA3B1E46704B00831CC4 /* Common */ = {
			isa = PBXGroup;
			children = (
				B63B27BC1E15A9BB003E13F0 /* MyNavigationController.swift */,
				B68EEA441E46800700831CC4 /* MyTabBarController.swift */,
				B679CC141E1624A20056C7B5 /* MyViewController.swift */,
				B69154621E138E4A00382F41 /* MyTableViewController.swift */,
				B68EEA3C1E46706E00831CC4 /* MyCollectionViewController.swift */,
			);
			name = Common;
			sourceTree = "<group>";
		};
		B68EEA481E46869100831CC4 /* Services */ = {
			isa = PBXGroup;
			children = (
				B68EEA461E4685E200831CC4 /* ServicesViewController.swift */,
				B68EEA521E47101600831CC4 /* ServicesHeaderView.swift */,
				B68EEA541E47103100831CC4 /* ServicesFooterView.swift */,
				B68EEA561E47104D00831CC4 /* ServicesServiceCell.swift */,
			);
			name = Services;
			sourceTree = "<group>";
		};
		B68EEA4F1E470D3100831CC4 /* Publish Services */ = {
			isa = PBXGroup;
			children = (
				B68EEA501E470D4A00831CC4 /* PublishedServicesViewController.swift */,
				B68EEA581E47107F00831CC4 /* PublishedServicesHeaderView.swift */,
				B68EEA5A1E4710B700831CC4 /* PublishedServicesFooterView.swift */,
				B68EEA5C1E47137600831CC4 /* PublishedServiceCell.swift */,
				B68B21311E47AD4700BE2CA2 /* Publishing a Service */,
			);
			name = "Publish Services";
			sourceTree = "<group>";
		};
		B691545D1E12DB0E00382F41 /* Helpers */ = {
			isa = PBXGroup;
			children = (
				B691545E1E1317A000382F41 /* MyAddress.swift */,
				B62E19961E174236008BC91C /* MyLoadingManager.swift */,
				B6BD8C7D2002C59F009327B2 /* Log.swift */,
			);
			name = Helpers;
			sourceTree = "<group>";
		};
		B6BD8C892002E0AE009327B2 /* Bluetooth Device List */ = {
			isa = PBXGroup;
			children = (
				B68EC59F1E2F226A00C9D5CC /* BluetoothViewController.swift */,
				B6833CBC1E3D44F200F56A90 /* BluetoothDeviceCell.swift */,
			);
			name = "Bluetooth Device List";
			sourceTree = "<group>";
		};
		B6BD8C8A2002E0CD009327B2 /* Bluetooth Device Detail */ = {
			isa = PBXGroup;
			children = (
				B6BD8C8B2002E0ED009327B2 /* BluetoothDeviceDetailViewController.swift */,
			);
			name = "Bluetooth Device Detail";
			sourceTree = "<group>";
		};
		B6BD8C9120030587009327B2 /* Bluetooth Characteristic Detail */ = {
			isa = PBXGroup;
			children = (
				B6BD8C8F2003053F009327B2 /* BluetoothCharacteristicDetailViewController.swift */,
			);
			name = "Bluetooth Characteristic Detail";
			sourceTree = "<group>";
		};
		B6CE1D1B1E1208C1003D4FFA = {
			isa = PBXGroup;
			children = (
				B6CE1D261E1208C1003D4FFA /* iDiscover */,
				B6CE1D251E1208C1003D4FFA /* Products */,
			);
			sourceTree = "<group>";
		};
		B6CE1D251E1208C1003D4FFA /* Products */ = {
			isa = PBXGroup;
			children = (
				B6CE1D241E1208C1003D4FFA /* KozBon.app */,
			);
			name = Products;
			sourceTree = "<group>";
		};
		B6CE1D261E1208C1003D4FFA /* iDiscover */ = {
			isa = PBXGroup;
			children = (
				B6CE1D271E1208C1003D4FFA /* AppDelegate.swift */,
				B6CE1D3C1E1208D8003D4FFA /* Common */,
				B6CE1D421E120925003D4FFA /* View */,
				B6CE1D431E120977003D4FFA /* Controller */,
				B6CE1D441E12098A003D4FFA /* Supporting Files */,
			);
			path = iDiscover;
			sourceTree = "<group>";
		};
		B6CE1D3C1E1208D8003D4FFA /* Common */ = {
			isa = PBXGroup;
			children = (
				B691545D1E12DB0E00382F41 /* Helpers */,
				B6CE1D3D1E1208DC003D4FFA /* Protocols */,
				B6CE1D3E1E1208E5003D4FFA /* Bonjour */,
				B6F93AB21E123AB800FE2DC7 /* Bluetooth */,
				B6CE1D3F1E1208EE003D4FFA /* Model */,
				B6CE1D411E120907003D4FFA /* Extensions */,
			);
			name = Common;
			sourceTree = "<group>";
		};
		B6CE1D3D1E1208DC003D4FFA /* Protocols */ = {
			isa = PBXGroup;
			children = (
				B6CE1D4D1E120B90003D4FFA /* MyClassProtocol.swift */,
				B6AE537B1E16D45700FB57E3 /* PresentableController.swift */,
				B68EEA3E1E46709000831CC4 /* EmptyStateProtocol.swift */,
				B68EEA421E467CD300831CC4 /* MyViewControllerIdentifierProtocol.swift */,
			);
			name = Protocols;
			sourceTree = "<group>";
		};
		B6CE1D3E1E1208E5003D4FFA /* Bonjour */ = {
			isa = PBXGroup;
			children = (
				B679CC161E1647670056C7B5 /* MyBonjourPublishManager.swift */,
				B6CE1D581E120CCC003D4FFA /* MyNetBrowserState.swift */,
				B6CE1D571E120CCC003D4FFA /* MyBonjourManager.swift */,
				B6CE1D5A1E120CCC003D4FFA /* MyNetServiceBrowser.swift */,
				B6CE1D591E120CCC003D4FFA /* MyNetService.swift */,
				B6CE1D5B1E120CCC003D4FFA /* MyServiceType.swift */,
				B64D06251E1A2C55008B3FC8 /* MyServiceType+Library.swift */,
				B6089C9B1E1A2A3900C7CF29 /* MyServiceType+CustomServiceType.swift */,
			);
			name = Bonjour;
			sourceTree = "<group>";
		};
		B6CE1D3F1E1208EE003D4FFA /* Model */ = {
			isa = PBXGroup;
			children = (
				B6CE1D2E1E1208C1003D4FFA /* iDiscover.xcdatamodeld */,
				B6CE1D531E120BF4003D4FFA /* MyCoreDataStack.swift */,
				B6CE1D541E120BF4003D4FFA /* MyDataManager.swift */,
				B6CE1D511E120B9F003D4FFA /* MyDataManagerObject.swift */,
				B6CE1D401E1208F6003D4FFA /* Managed Objects */,
			);
			name = Model;
			sourceTree = "<group>";
		};
		B6CE1D401E1208F6003D4FFA /* Managed Objects */ = {
			isa = PBXGroup;
			children = (
				B6CE1D641E120E4D003D4FFA /* CustomServiceType.swift */,
			);
			name = "Managed Objects";
			sourceTree = "<group>";
		};
		B6CE1D411E120907003D4FFA /* Extensions */ = {
			isa = PBXGroup;
			children = (
				B6CE1D4E1E120B90003D4FFA /* UIViewController+Util.swift */,
				B6CE1D451E120ADC003D4FFA /* Date+Util.swift */,
				B69154641E13906500382F41 /* String+Util.swift */,
				B603A6D71E12177700ED333D /* UIImage+Gif.swift */,
				B63B27BE1E15AE62003E13F0 /* UIBarButtonItem+Util.swift */,
				B6AE537F1E16E9F600FB57E3 /* UIDevice+Util.swift */,
				B6859C4F1E282915001B8245 /* UIColor+Util.swift */,
				B68B7DDE2003287100E592D9 /* Data+Util.swift */,
			);
			name = Extensions;
			sourceTree = "<group>";
		};
		B6CE1D421E120925003D4FFA /* View */ = {
			isa = PBXGroup;
			children = (
				B6CE1D611E120D10003D4FFA /* Main.storyboard */,
				B68EEA4B1E46C1C800831CC4 /* Services.storyboard */,
				B68262221E18200D00D0445D /* Info.storyboard */,
				B6BD8C8D2002FE1C009327B2 /* Bluetooth.storyboard */,
				B6C4BC511E1CC2CD004409F1 /* TableViewCells.swift */,
			);
			name = View;
			sourceTree = "<group>";
		};
		B6CE1D431E120977003D4FFA /* Controller */ = {
			isa = PBXGroup;
			children = (
				B68EEA3B1E46704B00831CC4 /* Common */,
				B679CC091E1618840056C7B5 /* MyRootController.swift */,
				B68B21321E47AF6600BE2CA2 /* Bonjour Services */,
				B68EC59E1E2F1F1300C9D5CC /* Bluetooth */,
				B682621F1E1818B800D0445D /* Info */,
			);
			name = Controller;
			sourceTree = "<group>";
		};
		B6CE1D441E12098A003D4FFA /* Supporting Files */ = {
			isa = PBXGroup;
			children = (
				B6CE1D491E120AF8003D4FFA /* service-names-port-numbers.csv */,
				B6CE1D311E1208C1003D4FFA /* Assets.xcassets */,
				B6CE1D331E1208C1003D4FFA /* LaunchScreen.storyboard */,
				B6CE1D361E1208C1003D4FFA /* Info.plist */,
			);
			name = "Supporting Files";
			sourceTree = "<group>";
		};
		B6F93AB21E123AB800FE2DC7 /* Bluetooth */ = {
			isa = PBXGroup;
			children = (
				B6BD8C7F2002C6E2009327B2 /* MyBluetoothManager.swift */,
				B6BD8C812002C6F9009327B2 /* MyBluetoothManager+State.swift */,
				B6BD8C832002C715009327B2 /* MyBluetoothDevice.swift */,
			);
			name = Bluetooth;
			sourceTree = "<group>";
		};
/* End PBXGroup section */

/* Begin PBXNativeTarget section */
		B6CE1D231E1208C1003D4FFA /* KozBon */ = {
			isa = PBXNativeTarget;
			buildConfigurationList = B6CE1D391E1208C1003D4FFA /* Build configuration list for PBXNativeTarget "KozBon" */;
			buildPhases = (
				B6CE1D201E1208C1003D4FFA /* Sources */,
				B6CE1D211E1208C1003D4FFA /* Frameworks */,
				B6CE1D221E1208C1003D4FFA /* Resources */,
				B6C4BC531E1CD231004409F1 /* Set Build Number */,
			);
			buildRules = (
			);
			dependencies = (
			);
			name = KozBon;
			productName = iDiscover;
			productReference = B6CE1D241E1208C1003D4FFA /* KozBon.app */;
			productType = "com.apple.product-type.application";
		};
/* End PBXNativeTarget section */

/* Begin PBXProject section */
		B6CE1D1C1E1208C1003D4FFA /* Project object */ = {
			isa = PBXProject;
			attributes = {
				LastSwiftUpdateCheck = 0820;
				LastUpgradeCheck = 0920;
				ORGANIZATIONNAME = Kozinga;
				TargetAttributes = {
					B6CE1D231E1208C1003D4FFA = {
						CreatedOnToolsVersion = 8.2.1;
						DevelopmentTeam = 6SS93B87P2;
						LastSwiftMigration = 0920;
						ProvisioningStyle = Automatic;
					};
				};
			};
			buildConfigurationList = B6CE1D1F1E1208C1003D4FFA /* Build configuration list for PBXProject "KozBon" */;
			compatibilityVersion = "Xcode 3.2";
			developmentRegion = English;
			hasScannedForEncodings = 0;
			knownRegions = (
				en,
				Base,
			);
			mainGroup = B6CE1D1B1E1208C1003D4FFA;
			productRefGroup = B6CE1D251E1208C1003D4FFA /* Products */;
			projectDirPath = "";
			projectRoot = "";
			targets = (
				B6CE1D231E1208C1003D4FFA /* KozBon */,
			);
		};
/* End PBXProject section */

/* Begin PBXResourcesBuildPhase section */
		B6CE1D221E1208C1003D4FFA /* Resources */ = {
			isa = PBXResourcesBuildPhase;
			buildActionMask = 2147483647;
			files = (
				B6BD8C8E2002FE1C009327B2 /* Bluetooth.storyboard in Resources */,
				B6CE1D351E1208C1003D4FFA /* LaunchScreen.storyboard in Resources */,
				B68262231E18200D00D0445D /* Info.storyboard in Resources */,
				B6CE1D4A1E120AF8003D4FFA /* service-names-port-numbers.csv in Resources */,
				B6CE1D321E1208C1003D4FFA /* Assets.xcassets in Resources */,
				B68EEA4C1E46C1C800831CC4 /* Services.storyboard in Resources */,
				B6CE1D621E120D10003D4FFA /* Main.storyboard in Resources */,
			);
			runOnlyForDeploymentPostprocessing = 0;
		};
/* End PBXResourcesBuildPhase section */

/* Begin PBXShellScriptBuildPhase section */
		B6C4BC531E1CD231004409F1 /* Set Build Number */ = {
			isa = PBXShellScriptBuildPhase;
			buildActionMask = 2147483647;
			files = (
			);
			inputPaths = (
			);
			name = "Set Build Number";
			outputPaths = (
			);
			runOnlyForDeploymentPostprocessing = 0;
			shellPath = /bin/sh;
			shellScript = "#!/bin/bash\n\ngit=$(sh /etc/profile; which git)\nnumber_of_commits=$(\"$git\" rev-list HEAD --count)\ngit_release_version=$(\"$git\" describe --tags --always --abbrev=0)\n\ntarget_plist=\"$TARGET_BUILD_DIR/$INFOPLIST_PATH\"\ndsym_plist=\"$DWARF_DSYM_FOLDER_PATH/$DWARF_DSYM_FILE_NAME/Contents/Info.plist\"\n\nfor plist in \"$target_plist\" \"$dsym_plist\"; do\nif [ -f \"$plist\" ]; then\n# Set build number\n/usr/libexec/PlistBuddy -c \"Set :CFBundleVersion $number_of_commits\" \"$plist\"\n\n# Version (Commented out for now)\n# /usr/libexec/PlistBuddy -c \"Set :CFBundleShortVersionString ${git_release_version#*v}\" \"$plist\"\nfi\ndone\n";
		};
/* End PBXShellScriptBuildPhase section */

/* Begin PBXSourcesBuildPhase section */
		B6CE1D201E1208C1003D4FFA /* Sources */ = {
			isa = PBXSourcesBuildPhase;
			buildActionMask = 2147483647;
			files = (
				B603A6D81E12177700ED333D /* UIImage+Gif.swift in Sources */,
				B6CE1D5D1E120CCC003D4FFA /* MyNetBrowserState.swift in Sources */,
				B68EEA3D1E46706E00831CC4 /* MyCollectionViewController.swift in Sources */,
				B68EEA451E46800700831CC4 /* MyTabBarController.swift in Sources */,
				B68B21271E47A2C700BE2CA2 /* ServiceDetailAddressCell.swift in Sources */,
				B69154651E13906500382F41 /* String+Util.swift in Sources */,
				B68B212B1E47A4F500BE2CA2 /* ServiceDetailLoadingCell.swift in Sources */,
				B6CE1D661E120E4D003D4FFA /* CustomServiceType.swift in Sources */,
				B6089C9C1E1A2A3900C7CF29 /* MyServiceType+CustomServiceType.swift in Sources */,
				B6CE1D471E120ADC003D4FFA /* Date+Util.swift in Sources */,
				B68EEA3F1E46709000831CC4 /* EmptyStateProtocol.swift in Sources */,
				B679CC151E1624A20056C7B5 /* MyViewController.swift in Sources */,
				B68EEA511E470D4A00831CC4 /* PublishedServicesViewController.swift in Sources */,
				B6C4BC551E1CD30A004409F1 /* CreateServiceTypeTableViewController.swift in Sources */,
				B6CE1D4F1E120B90003D4FFA /* MyClassProtocol.swift in Sources */,
				B68EEA651E47204E00831CC4 /* SettingsKeyValueCell.swift in Sources */,
				B679CC0A1E1618840056C7B5 /* MyRootController.swift in Sources */,
				B68EEA531E47101600831CC4 /* ServicesHeaderView.swift in Sources */,
				B6AE53841E17090A00FB57E3 /* PublishDetailCreateViewController.swift in Sources */,
				B6089C9A1E19D76D00C7CF29 /* ServiceDetailTableViewController.swift in Sources */,
				B6BD8C842002C715009327B2 /* MyBluetoothDevice.swift in Sources */,
				B68B7DDF2003287100E592D9 /* Data+Util.swift in Sources */,
				B63B27BF1E15AE62003E13F0 /* UIBarButtonItem+Util.swift in Sources */,
				B6CE1D5F1E120CCC003D4FFA /* MyNetServiceBrowser.swift in Sources */,
				B64D06261E1A2C55008B3FC8 /* MyServiceType+Library.swift in Sources */,
				B6CE1D601E120CCC003D4FFA /* MyServiceType.swift in Sources */,
				B68EEA5F1E471E6300831CC4 /* SettingsViewController.swift in Sources */,
				B68EEA431E467CD300831CC4 /* MyViewControllerIdentifierProtocol.swift in Sources */,
				B63B27BD1E15A9BB003E13F0 /* MyNavigationController.swift in Sources */,
				B68EEA471E4685E200831CC4 /* ServicesViewController.swift in Sources */,
				B6CE1D5C1E120CCC003D4FFA /* MyBonjourManager.swift in Sources */,
				B6AE53861E170A6400FB57E3 /* PublishDetailExistingViewController.swift in Sources */,
				B6CE1D561E120BF4003D4FFA /* MyDataManager.swift in Sources */,
				B6BD8C8C2002E0ED009327B2 /* BluetoothDeviceDetailViewController.swift in Sources */,
				B6C4BC521E1CC2CD004409F1 /* TableViewCells.swift in Sources */,
				B691545F1E1317A000382F41 /* MyAddress.swift in Sources */,
				B679CC171E1647670056C7B5 /* MyBonjourPublishManager.swift in Sources */,
				B68B21291E47A2E100BE2CA2 /* ServiceDetailKeyValueCell.swift in Sources */,
				B62E19971E174236008BC91C /* MyLoadingManager.swift in Sources */,
				B68EEA5D1E47137600831CC4 /* PublishedServiceCell.swift in Sources */,
				B6CE1D501E120B90003D4FFA /* UIViewController+Util.swift in Sources */,
				B68B21221E4798F600BE2CA2 /* ServiceDetailHeaderCell.swift in Sources */,
				B68EEA5B1E4710B700831CC4 /* PublishedServicesFooterView.swift in Sources */,
				B68B212D1E47A55800BE2CA2 /* ServiceDetailSimpleCell.swift in Sources */,
				B68EEA591E47107F00831CC4 /* PublishedServicesHeaderView.swift in Sources */,
				B68EC5A01E2F226A00C9D5CC /* BluetoothViewController.swift in Sources */,
				B68EEA571E47104D00831CC4 /* ServicesServiceCell.swift in Sources */,
				B68EEA631E471FD000831CC4 /* SettingsItemCell.swift in Sources */,
				B6BD8C7E2002C59F009327B2 /* Log.swift in Sources */,
				B68EEA671E472B1B00831CC4 /* SettingsFooterView.swift in Sources */,
				B69154631E138E4A00382F41 /* MyTableViewController.swift in Sources */,
				B6CE1D301E1208C1003D4FFA /* iDiscover.xcdatamodeld in Sources */,
				B679CC131E1624740056C7B5 /* PublishNetServiceSearchViewController.swift in Sources */,
				B6CE1D521E120B9F003D4FFA /* MyDataManagerObject.swift in Sources */,
				B6CE1D281E1208C1003D4FFA /* AppDelegate.swift in Sources */,
				B6BD8C9020030540009327B2 /* BluetoothCharacteristicDetailViewController.swift in Sources */,
				B6CE1D5E1E120CCC003D4FFA /* MyNetService.swift in Sources */,
				B68EEA611E471F4200831CC4 /* SettingsHeaderView.swift in Sources */,
				B6AE53801E16E9F600FB57E3 /* UIDevice+Util.swift in Sources */,
				B6BD8C802002C6E2009327B2 /* MyBluetoothManager.swift in Sources */,
				B6833CBD1E3D44F200F56A90 /* BluetoothDeviceCell.swift in Sources */,
				B67BB3281E18657F00A3228E /* AllServiceTypesTableViewController.swift in Sources */,
				B6AE537C1E16D45700FB57E3 /* PresentableController.swift in Sources */,
				B68EEA551E47103100831CC4 /* ServicesFooterView.swift in Sources */,
				B68B21251E47A0AB00BE2CA2 /* ServiceDetailSimpleHeaderCell.swift in Sources */,
				B6BD8C822002C6F9009327B2 /* MyBluetoothManager+State.swift in Sources */,
				B6CE1D551E120BF4003D4FFA /* MyCoreDataStack.swift in Sources */,
				B68B212F1E47A65C00BE2CA2 /* ServiceDetailDescriptionCell.swift in Sources */,
				B6859C501E282915001B8245 /* UIColor+Util.swift in Sources */,
			);
			runOnlyForDeploymentPostprocessing = 0;
		};
/* End PBXSourcesBuildPhase section */

/* Begin PBXVariantGroup section */
		B6CE1D331E1208C1003D4FFA /* LaunchScreen.storyboard */ = {
			isa = PBXVariantGroup;
			children = (
				B6CE1D341E1208C1003D4FFA /* Base */,
			);
			name = LaunchScreen.storyboard;
			sourceTree = "<group>";
		};
/* End PBXVariantGroup section */

/* Begin XCBuildConfiguration section */
		B6CE1D371E1208C1003D4FFA /* Debug */ = {
			isa = XCBuildConfiguration;
			buildSettings = {
				ALWAYS_SEARCH_USER_PATHS = NO;
				APP_DISPLAY_NAME = KozBon;
				CLANG_ANALYZER_NONNULL = YES;
				CLANG_CXX_LANGUAGE_STANDARD = "gnu++0x";
				CLANG_CXX_LIBRARY = "libc++";
				CLANG_ENABLE_MODULES = YES;
				CLANG_ENABLE_OBJC_ARC = YES;
				CLANG_WARN_BLOCK_CAPTURE_AUTORELEASING = YES;
				CLANG_WARN_BOOL_CONVERSION = YES;
				CLANG_WARN_COMMA = YES;
				CLANG_WARN_CONSTANT_CONVERSION = YES;
				CLANG_WARN_DIRECT_OBJC_ISA_USAGE = YES_ERROR;
				CLANG_WARN_DOCUMENTATION_COMMENTS = YES;
				CLANG_WARN_EMPTY_BODY = YES;
				CLANG_WARN_ENUM_CONVERSION = YES;
				CLANG_WARN_INFINITE_RECURSION = YES;
				CLANG_WARN_INT_CONVERSION = YES;
				CLANG_WARN_NON_LITERAL_NULL_CONVERSION = YES;
				CLANG_WARN_OBJC_LITERAL_CONVERSION = YES;
				CLANG_WARN_OBJC_ROOT_CLASS = YES_ERROR;
				CLANG_WARN_RANGE_LOOP_ANALYSIS = YES;
				CLANG_WARN_STRICT_PROTOTYPES = YES;
				CLANG_WARN_SUSPICIOUS_MOVE = YES;
				CLANG_WARN_UNREACHABLE_CODE = YES;
				CLANG_WARN__DUPLICATE_METHOD_MATCH = YES;
				"CODE_SIGN_IDENTITY[sdk=iphoneos*]" = "iPhone Developer";
				COPY_PHASE_STRIP = NO;
				DEBUG_INFORMATION_FORMAT = dwarf;
				ENABLE_STRICT_OBJC_MSGSEND = YES;
				ENABLE_TESTABILITY = YES;
				GCC_C_LANGUAGE_STANDARD = gnu99;
				GCC_DYNAMIC_NO_PIC = NO;
				GCC_NO_COMMON_BLOCKS = YES;
				GCC_OPTIMIZATION_LEVEL = 0;
				GCC_PREPROCESSOR_DEFINITIONS = (
					"DEBUG=1",
					"$(inherited)",
				);
				GCC_WARN_64_TO_32_BIT_CONVERSION = YES;
				GCC_WARN_ABOUT_RETURN_TYPE = YES_ERROR;
				GCC_WARN_UNDECLARED_SELECTOR = YES;
				GCC_WARN_UNINITIALIZED_AUTOS = YES_AGGRESSIVE;
				GCC_WARN_UNUSED_FUNCTION = YES;
				GCC_WARN_UNUSED_VARIABLE = YES;
				IPHONEOS_DEPLOYMENT_TARGET = 10.2;
				MTL_ENABLE_DEBUG_INFO = YES;
				ONLY_ACTIVE_ARCH = YES;
				SDKROOT = iphoneos;
				SWIFT_ACTIVE_COMPILATION_CONDITIONS = DEBUG;
				SWIFT_OPTIMIZATION_LEVEL = "-Onone";
				TARGETED_DEVICE_FAMILY = "1,2";
			};
			name = Debug;
		};
		B6CE1D381E1208C1003D4FFA /* Release */ = {
			isa = XCBuildConfiguration;
			buildSettings = {
				ALWAYS_SEARCH_USER_PATHS = NO;
				APP_DISPLAY_NAME = KozBon;
				CLANG_ANALYZER_NONNULL = YES;
				CLANG_CXX_LANGUAGE_STANDARD = "gnu++0x";
				CLANG_CXX_LIBRARY = "libc++";
				CLANG_ENABLE_MODULES = YES;
				CLANG_ENABLE_OBJC_ARC = YES;
				CLANG_WARN_BLOCK_CAPTURE_AUTORELEASING = YES;
				CLANG_WARN_BOOL_CONVERSION = YES;
				CLANG_WARN_COMMA = YES;
				CLANG_WARN_CONSTANT_CONVERSION = YES;
				CLANG_WARN_DIRECT_OBJC_ISA_USAGE = YES_ERROR;
				CLANG_WARN_DOCUMENTATION_COMMENTS = YES;
				CLANG_WARN_EMPTY_BODY = YES;
				CLANG_WARN_ENUM_CONVERSION = YES;
				CLANG_WARN_INFINITE_RECURSION = YES;
				CLANG_WARN_INT_CONVERSION = YES;
				CLANG_WARN_NON_LITERAL_NULL_CONVERSION = YES;
				CLANG_WARN_OBJC_LITERAL_CONVERSION = YES;
				CLANG_WARN_OBJC_ROOT_CLASS = YES_ERROR;
				CLANG_WARN_RANGE_LOOP_ANALYSIS = YES;
				CLANG_WARN_STRICT_PROTOTYPES = YES;
				CLANG_WARN_SUSPICIOUS_MOVE = YES;
				CLANG_WARN_UNREACHABLE_CODE = YES;
				CLANG_WARN__DUPLICATE_METHOD_MATCH = YES;
				"CODE_SIGN_IDENTITY[sdk=iphoneos*]" = "iPhone Developer";
				COPY_PHASE_STRIP = NO;
				DEBUG_INFORMATION_FORMAT = "dwarf-with-dsym";
				ENABLE_NS_ASSERTIONS = NO;
				ENABLE_STRICT_OBJC_MSGSEND = YES;
				GCC_C_LANGUAGE_STANDARD = gnu99;
				GCC_NO_COMMON_BLOCKS = YES;
				GCC_WARN_64_TO_32_BIT_CONVERSION = YES;
				GCC_WARN_ABOUT_RETURN_TYPE = YES_ERROR;
				GCC_WARN_UNDECLARED_SELECTOR = YES;
				GCC_WARN_UNINITIALIZED_AUTOS = YES_AGGRESSIVE;
				GCC_WARN_UNUSED_FUNCTION = YES;
				GCC_WARN_UNUSED_VARIABLE = YES;
				IPHONEOS_DEPLOYMENT_TARGET = 10.2;
				MTL_ENABLE_DEBUG_INFO = NO;
				SDKROOT = iphoneos;
				SWIFT_OPTIMIZATION_LEVEL = "-Owholemodule";
				TARGETED_DEVICE_FAMILY = "1,2";
				VALIDATE_PRODUCT = YES;
			};
			name = Release;
		};
		B6CE1D3A1E1208C1003D4FFA /* Debug */ = {
			isa = XCBuildConfiguration;
			buildSettings = {
				ASSETCATALOG_COMPILER_APPICON_NAME = AppIcon;
				DEVELOPMENT_TEAM = 6SS93B87P2;
				INFOPLIST_FILE = iDiscover/Info.plist;
				LD_RUNPATH_SEARCH_PATHS = "$(inherited) @executable_path/Frameworks";
				PRODUCT_BUNDLE_IDENTIFIER = com.kozinga.KozBon;
				PRODUCT_NAME = "$(TARGET_NAME)";
				SWIFT_SWIFT3_OBJC_INFERENCE = On;
				SWIFT_VERSION = 4.0;
			};
			name = Debug;
		};
		B6CE1D3B1E1208C1003D4FFA /* Release */ = {
			isa = XCBuildConfiguration;
			buildSettings = {
				ASSETCATALOG_COMPILER_APPICON_NAME = AppIcon;
				DEVELOPMENT_TEAM = 6SS93B87P2;
				INFOPLIST_FILE = iDiscover/Info.plist;
				LD_RUNPATH_SEARCH_PATHS = "$(inherited) @executable_path/Frameworks";
				PRODUCT_BUNDLE_IDENTIFIER = com.kozinga.KozBon;
				PRODUCT_NAME = "$(TARGET_NAME)";
				SWIFT_SWIFT3_OBJC_INFERENCE = On;
				SWIFT_VERSION = 4.0;
			};
			name = Release;
		};
/* End XCBuildConfiguration section */

/* Begin XCConfigurationList section */
		B6CE1D1F1E1208C1003D4FFA /* Build configuration list for PBXProject "KozBon" */ = {
			isa = XCConfigurationList;
			buildConfigurations = (
				B6CE1D371E1208C1003D4FFA /* Debug */,
				B6CE1D381E1208C1003D4FFA /* Release */,
			);
			defaultConfigurationIsVisible = 0;
			defaultConfigurationName = Release;
		};
		B6CE1D391E1208C1003D4FFA /* Build configuration list for PBXNativeTarget "KozBon" */ = {
			isa = XCConfigurationList;
			buildConfigurations = (
				B6CE1D3A1E1208C1003D4FFA /* Debug */,
				B6CE1D3B1E1208C1003D4FFA /* Release */,
			);
			defaultConfigurationIsVisible = 0;
			defaultConfigurationName = Release;
		};
/* End XCConfigurationList section */

/* Begin XCVersionGroup section */
		B6CE1D2E1E1208C1003D4FFA /* iDiscover.xcdatamodeld */ = {
			isa = XCVersionGroup;
			children = (
				B6CE1D2F1E1208C1003D4FFA /* iDiscover.xcdatamodel */,
			);
			currentVersion = B6CE1D2F1E1208C1003D4FFA /* iDiscover.xcdatamodel */;
			path = iDiscover.xcdatamodeld;
			sourceTree = "<group>";
			versionGroupType = wrapper.xcdatamodel;
		};
/* End XCVersionGroup section */
	};
	rootObject = B6CE1D1C1E1208C1003D4FFA /* Project object */;
}
