// !$*UTF8*$!
{
	archiveVersion = 1;
	classes = {
	};
	objectVersion = 54;
	objects = {

/* Begin PBXBuildFile section */
		B6089C9C1E1A2A3900C7CF29 /* BonjourServiceType+CustomServiceType.swift in Sources */ = {isa = PBXBuildFile; fileRef = B6089C9B1E1A2A3900C7CF29 /* BonjourServiceType+CustomServiceType.swift */; };
		B64D06261E1A2C55008B3FC8 /* MyServiceType+Library.swift in Sources */ = {isa = PBXBuildFile; fileRef = B64D06251E1A2C55008B3FC8 /* MyServiceType+Library.swift */; };
		B679CC171E1647670056C7B5 /* MyBonjourPublishManager.swift in Sources */ = {isa = PBXBuildFile; fileRef = B679CC161E1647670056C7B5 /* MyBonjourPublishManager.swift */; };
		B6BD8C802002C6E2009327B2 /* BluetoothDeviceScanner.swift in Sources */ = {isa = PBXBuildFile; fileRef = B6BD8C7F2002C6E2009327B2 /* BluetoothDeviceScanner.swift */; };
		B6BD8C822002C6F9009327B2 /* CBManagerState+Util.swift in Sources */ = {isa = PBXBuildFile; fileRef = B6BD8C812002C6F9009327B2 /* CBManagerState+Util.swift */; };
		B6BD8C842002C715009327B2 /* BluetoothDevice.swift in Sources */ = {isa = PBXBuildFile; fileRef = B6BD8C832002C715009327B2 /* BluetoothDevice.swift */; };
		B6CE1D301E1208C1003D4FFA /* iDiscover.xcdatamodeld in Sources */ = {isa = PBXBuildFile; fileRef = B6CE1D2E1E1208C1003D4FFA /* iDiscover.xcdatamodeld */; };
		B6CE1D321E1208C1003D4FFA /* Assets.xcassets in Resources */ = {isa = PBXBuildFile; fileRef = B6CE1D311E1208C1003D4FFA /* Assets.xcassets */; };
		B6CE1D4A1E120AF8003D4FFA /* service-names-port-numbers.csv in Resources */ = {isa = PBXBuildFile; fileRef = B6CE1D491E120AF8003D4FFA /* service-names-port-numbers.csv */; };
		B6CE1D521E120B9F003D4FFA /* MyDataManagerObject.swift in Sources */ = {isa = PBXBuildFile; fileRef = B6CE1D511E120B9F003D4FFA /* MyDataManagerObject.swift */; };
		B6CE1D551E120BF4003D4FFA /* MyCoreDataStack.swift in Sources */ = {isa = PBXBuildFile; fileRef = B6CE1D531E120BF4003D4FFA /* MyCoreDataStack.swift */; };
		B6CE1D561E120BF4003D4FFA /* MyDataManager.swift in Sources */ = {isa = PBXBuildFile; fileRef = B6CE1D541E120BF4003D4FFA /* MyDataManager.swift */; };
		B6CE1D5C1E120CCC003D4FFA /* BonjourServiceScanner.swift in Sources */ = {isa = PBXBuildFile; fileRef = B6CE1D571E120CCC003D4FFA /* BonjourServiceScanner.swift */; };
		B6CE1D5D1E120CCC003D4FFA /* BonjourServiceTypeScope.swift in Sources */ = {isa = PBXBuildFile; fileRef = B6CE1D581E120CCC003D4FFA /* BonjourServiceTypeScope.swift */; };
		B6CE1D5E1E120CCC003D4FFA /* BonjourService.swift in Sources */ = {isa = PBXBuildFile; fileRef = B6CE1D591E120CCC003D4FFA /* BonjourService.swift */; };
		B6CE1D5F1E120CCC003D4FFA /* BonjourServiceTypeScanner.swift in Sources */ = {isa = PBXBuildFile; fileRef = B6CE1D5A1E120CCC003D4FFA /* BonjourServiceTypeScanner.swift */; };
		B6CE1D601E120CCC003D4FFA /* BonjourServiceType.swift in Sources */ = {isa = PBXBuildFile; fileRef = B6CE1D5B1E120CCC003D4FFA /* BonjourServiceType.swift */; };
		B6CE1D661E120E4D003D4FFA /* CustomServiceType.swift in Sources */ = {isa = PBXBuildFile; fileRef = B6CE1D641E120E4D003D4FFA /* CustomServiceType.swift */; };
		F6240E692A92CF0600951875 /* AppCore.swift in Sources */ = {isa = PBXBuildFile; fileRef = F6240E682A92CF0600951875 /* AppCore.swift */; };
		F6240E6C2A92D62200951875 /* BonjourScanForServicesView.swift in Sources */ = {isa = PBXBuildFile; fileRef = F6240E6B2A92D62200951875 /* BonjourScanForServicesView.swift */; };
		F6240E6F2A92D63400951875 /* BluetoothScanForDevicesView.swift in Sources */ = {isa = PBXBuildFile; fileRef = F6240E6E2A92D63400951875 /* BluetoothScanForDevicesView.swift */; };
		F6240E742A92D91800951875 /* AppStyles.swift in Sources */ = {isa = PBXBuildFile; fileRef = F6240E732A92D91800951875 /* AppStyles.swift */; };
		F6240E7F2A941BD500951875 /* (null) in Sources */ = {isa = PBXBuildFile; };
		F661AD9D2C2CAF9F00779621 /* BlueSectionItemIconTitleDetailView.swift in Sources */ = {isa = PBXBuildFile; fileRef = F661AD9C2C2CAF9F00779621 /* BlueSectionItemIconTitleDetailView.swift */; };
		F661AD9F2C2CD20800779621 /* SelectServiceTypeView.swift in Sources */ = {isa = PBXBuildFile; fileRef = F661AD9E2C2CD20800779621 /* SelectServiceTypeView.swift */; };
		F67B65312C1B4EC300324FFF /* InternetAddress.swift in Sources */ = {isa = PBXBuildFile; fileRef = F67B65302C1B4EC300324FFF /* InternetAddress.swift */; };
		F67B65332C1B54F400324FFF /* NetService+InternetAddress.swift in Sources */ = {isa = PBXBuildFile; fileRef = F67B65322C1B54F400324FFF /* NetService+InternetAddress.swift */; };
		F67B65352C1B556900324FFF /* Logger.swift in Sources */ = {isa = PBXBuildFile; fileRef = F67B65342C1B556900324FFF /* Logger.swift */; };
		F67B65392C1B5CB700324FFF /* BonjourServiceDetailView.swift in Sources */ = {isa = PBXBuildFile; fileRef = F67B65382C1B5CB700324FFF /* BonjourServiceDetailView.swift */; };
		F67B653D2C1B7B9800324FFF /* VerticallyCenteredLabelStyle.swift in Sources */ = {isa = PBXBuildFile; fileRef = F67B653C2C1B7B9800324FFF /* VerticallyCenteredLabelStyle.swift */; };
		F67B653F2C1B899B00324FFF /* BonjourServiceType+UI.swift in Sources */ = {isa = PBXBuildFile; fileRef = F67B653E2C1B899B00324FFF /* BonjourServiceType+UI.swift */; };
		F67B65572C20CA1F00324FFF /* ContentMarginsBasedOnSizeClass.swift in Sources */ = {isa = PBXBuildFile; fileRef = F67B65562C20CA1F00324FFF /* ContentMarginsBasedOnSizeClass.swift */; };
		F67B655B2C20D6A600324FFF /* CreateOrUpdateBonjourServiceTypeView.swift in Sources */ = {isa = PBXBuildFile; fileRef = F67B655A2C20D6A600324FFF /* CreateOrUpdateBonjourServiceTypeView.swift */; };
		F67B655D2C20D6CA00324FFF /* BroadcastBonjourServiceView.swift in Sources */ = {isa = PBXBuildFile; fileRef = F67B655C2C20D6CA00324FFF /* BroadcastBonjourServiceView.swift */; };
		F67B655F2C22107500324FFF /* EmptyStateOverlayView.swift in Sources */ = {isa = PBXBuildFile; fileRef = F67B655E2C22107500324FFF /* EmptyStateOverlayView.swift */; };
		F67B65622C22169800324FFF /* SupportedServicesView.swift in Sources */ = {isa = PBXBuildFile; fileRef = F67B65612C22169800324FFF /* SupportedServicesView.swift */; };
		F67B65642C22270000324FFF /* SupportedServiceDetailView.swift in Sources */ = {isa = PBXBuildFile; fileRef = F67B65632C22270000324FFF /* SupportedServiceDetailView.swift */; };
		F67B65682C29E52B00324FFF /* BonjourService+TxtDataRecord.swift in Sources */ = {isa = PBXBuildFile; fileRef = F67B65672C29E52B00324FFF /* BonjourService+TxtDataRecord.swift */; };
		F67B656A2C29EACA00324FFF /* BonjourService+Notification.swift in Sources */ = {isa = PBXBuildFile; fileRef = F67B65692C29EACA00324FFF /* BonjourService+Notification.swift */; };
		F690B5FB2561E9B600902DAB /* NetworkExtension.framework in Frameworks */ = {isa = PBXBuildFile; fileRef = F690B5FA2561E9B600902DAB /* NetworkExtension.framework */; };
		F69E826E2AABA4CA006AA4D3 /* BonjourServicesViewModel.swift in Sources */ = {isa = PBXBuildFile; fileRef = F69E826D2AABA4CA006AA4D3 /* BonjourServicesViewModel.swift */; };
		F69E82702AABA6B4006AA4D3 /* BonjourServiceSortType.swift in Sources */ = {isa = PBXBuildFile; fileRef = F69E826F2AABA6B4006AA4D3 /* BonjourServiceSortType.swift */; };
		F69E82722AABA7E5006AA4D3 /* BonjourServiceBrowserState.swift in Sources */ = {isa = PBXBuildFile; fileRef = F69E82712AABA7E5006AA4D3 /* BonjourServiceBrowserState.swift */; };
		F69E82742AABA8A5006AA4D3 /* TransportLayer.swift in Sources */ = {isa = PBXBuildFile; fileRef = F69E82732AABA8A5006AA4D3 /* TransportLayer.swift */; };
		F6C472F52C1A1EAB00BBB0F9 /* Core in Frameworks */ = {isa = PBXBuildFile; productRef = F6C472F42C1A1EAB00BBB0F9 /* Core */; };
		F6C472F72C1A1EAB00BBB0F9 /* CoreStorage in Frameworks */ = {isa = PBXBuildFile; productRef = F6C472F62C1A1EAB00BBB0F9 /* CoreStorage */; };
		F6C472F92C1A1EAB00BBB0F9 /* CoreUI in Frameworks */ = {isa = PBXBuildFile; productRef = F6C472F82C1A1EAB00BBB0F9 /* CoreUI */; };
		F6C472FB2C1A248000BBB0F9 /* TopLevelDestination.swift in Sources */ = {isa = PBXBuildFile; fileRef = F6C472FA2C1A248000BBB0F9 /* TopLevelDestination.swift */; };
		F6C50D7C2AB3BDD50048DF8C /* TitleDetailStackView.swift in Sources */ = {isa = PBXBuildFile; fileRef = F6C50D7B2AB3BDD50048DF8C /* TitleDetailStackView.swift */; };
		F6C50D7E2AB3C47D0048DF8C /* BonjourServiceListSortMenu.swift in Sources */ = {isa = PBXBuildFile; fileRef = F6C50D7D2AB3C47D0048DF8C /* BonjourServiceListSortMenu.swift */; };
		F6C50D822AB3F8A70048DF8C /* BluetoothScanForDevicesViewModel.swift in Sources */ = {isa = PBXBuildFile; fileRef = F6C50D812AB3F8A70048DF8C /* BluetoothScanForDevicesViewModel.swift */; };
		F6C50D842AB4FF3E0048DF8C /* CBPeripheralState+Util.swift in Sources */ = {isa = PBXBuildFile; fileRef = F6C50D832AB4FF3E0048DF8C /* CBPeripheralState+Util.swift */; };
		F6FCAD962C333D3E00752B0B /* KozBonWatchOS Watch App.app in Embed Watch Content */ = {isa = PBXBuildFile; fileRef = F6FCAD952C333D3E00752B0B /* KozBonWatchOS Watch App.app */; settings = {ATTRIBUTES = (RemoveHeadersOnCopy, ); }; };
		F6FCAD9B2C333D3E00752B0B /* KozBonWatchOSApp.swift in Sources */ = {isa = PBXBuildFile; fileRef = F6FCAD9A2C333D3E00752B0B /* KozBonWatchOSApp.swift */; };
		F6FCAD9D2C333D3E00752B0B /* ContentView.swift in Sources */ = {isa = PBXBuildFile; fileRef = F6FCAD9C2C333D3E00752B0B /* ContentView.swift */; };
		F6FCAD9F2C333D4000752B0B /* Assets.xcassets in Resources */ = {isa = PBXBuildFile; fileRef = F6FCAD9E2C333D4000752B0B /* Assets.xcassets */; };
		F6FCADA22C333D4000752B0B /* Preview Assets.xcassets in Resources */ = {isa = PBXBuildFile; fileRef = F6FCADA12C333D4000752B0B /* Preview Assets.xcassets */; };
		F6FCADAC2C33487700752B0B /* CreateTxtRecordView.swift in Sources */ = {isa = PBXBuildFile; fileRef = F6FCADAB2C33487700752B0B /* CreateTxtRecordView.swift */; };
/* End PBXBuildFile section */

/* Begin PBXContainerItemProxy section */
		F6FCAD972C333D3E00752B0B /* PBXContainerItemProxy */ = {
			isa = PBXContainerItemProxy;
			containerPortal = B6CE1D1C1E1208C1003D4FFA /* Project object */;
			proxyType = 1;
			remoteGlobalIDString = F6FCAD942C333D3E00752B0B;
			remoteInfo = "KozBonWatchOS Watch App";
		};
/* End PBXContainerItemProxy section */

/* Begin PBXCopyFilesBuildPhase section */
		F6FCADA52C333D4000752B0B /* Embed Watch Content */ = {
			isa = PBXCopyFilesBuildPhase;
			buildActionMask = 2147483647;
			dstPath = "$(CONTENTS_FOLDER_PATH)/Watch";
			dstSubfolderSpec = 16;
			files = (
				F6FCAD962C333D3E00752B0B /* KozBonWatchOS Watch App.app in Embed Watch Content */,
			);
			name = "Embed Watch Content";
			runOnlyForDeploymentPostprocessing = 0;
		};
/* End PBXCopyFilesBuildPhase section */

/* Begin PBXFileReference section */
		B6089C9B1E1A2A3900C7CF29 /* BonjourServiceType+CustomServiceType.swift */ = {isa = PBXFileReference; fileEncoding = 4; lastKnownFileType = sourcecode.swift; path = "BonjourServiceType+CustomServiceType.swift"; sourceTree = "<group>"; };
		B64D06251E1A2C55008B3FC8 /* MyServiceType+Library.swift */ = {isa = PBXFileReference; fileEncoding = 4; lastKnownFileType = sourcecode.swift; path = "MyServiceType+Library.swift"; sourceTree = "<group>"; };
		B679CC161E1647670056C7B5 /* MyBonjourPublishManager.swift */ = {isa = PBXFileReference; fileEncoding = 4; lastKnownFileType = sourcecode.swift; path = MyBonjourPublishManager.swift; sourceTree = "<group>"; };
		B6BD8C7F2002C6E2009327B2 /* BluetoothDeviceScanner.swift */ = {isa = PBXFileReference; lastKnownFileType = sourcecode.swift; path = BluetoothDeviceScanner.swift; sourceTree = "<group>"; };
		B6BD8C812002C6F9009327B2 /* CBManagerState+Util.swift */ = {isa = PBXFileReference; lastKnownFileType = sourcecode.swift; path = "CBManagerState+Util.swift"; sourceTree = "<group>"; };
		B6BD8C832002C715009327B2 /* BluetoothDevice.swift */ = {isa = PBXFileReference; lastKnownFileType = sourcecode.swift; path = BluetoothDevice.swift; sourceTree = "<group>"; };
		B6CE1D241E1208C1003D4FFA /* KozBon.app */ = {isa = PBXFileReference; explicitFileType = wrapper.application; includeInIndex = 0; path = KozBon.app; sourceTree = BUILT_PRODUCTS_DIR; };
		B6CE1D2F1E1208C1003D4FFA /* iDiscover.xcdatamodel */ = {isa = PBXFileReference; lastKnownFileType = wrapper.xcdatamodel; path = iDiscover.xcdatamodel; sourceTree = "<group>"; };
		B6CE1D311E1208C1003D4FFA /* Assets.xcassets */ = {isa = PBXFileReference; lastKnownFileType = folder.assetcatalog; path = Assets.xcassets; sourceTree = "<group>"; };
		B6CE1D361E1208C1003D4FFA /* Info.plist */ = {isa = PBXFileReference; lastKnownFileType = text.plist.xml; path = Info.plist; sourceTree = "<group>"; };
		B6CE1D491E120AF8003D4FFA /* service-names-port-numbers.csv */ = {isa = PBXFileReference; fileEncoding = 4; lastKnownFileType = text; path = "service-names-port-numbers.csv"; sourceTree = "<group>"; };
		B6CE1D511E120B9F003D4FFA /* MyDataManagerObject.swift */ = {isa = PBXFileReference; fileEncoding = 4; lastKnownFileType = sourcecode.swift; path = MyDataManagerObject.swift; sourceTree = "<group>"; };
		B6CE1D531E120BF4003D4FFA /* MyCoreDataStack.swift */ = {isa = PBXFileReference; fileEncoding = 4; lastKnownFileType = sourcecode.swift; path = MyCoreDataStack.swift; sourceTree = "<group>"; };
		B6CE1D541E120BF4003D4FFA /* MyDataManager.swift */ = {isa = PBXFileReference; fileEncoding = 4; lastKnownFileType = sourcecode.swift; path = MyDataManager.swift; sourceTree = "<group>"; };
		B6CE1D571E120CCC003D4FFA /* BonjourServiceScanner.swift */ = {isa = PBXFileReference; fileEncoding = 4; lastKnownFileType = sourcecode.swift; path = BonjourServiceScanner.swift; sourceTree = "<group>"; };
		B6CE1D581E120CCC003D4FFA /* BonjourServiceTypeScope.swift */ = {isa = PBXFileReference; fileEncoding = 4; lastKnownFileType = sourcecode.swift; path = BonjourServiceTypeScope.swift; sourceTree = "<group>"; };
		B6CE1D591E120CCC003D4FFA /* BonjourService.swift */ = {isa = PBXFileReference; fileEncoding = 4; lastKnownFileType = sourcecode.swift; path = BonjourService.swift; sourceTree = "<group>"; };
		B6CE1D5A1E120CCC003D4FFA /* BonjourServiceTypeScanner.swift */ = {isa = PBXFileReference; fileEncoding = 4; lastKnownFileType = sourcecode.swift; path = BonjourServiceTypeScanner.swift; sourceTree = "<group>"; };
		B6CE1D5B1E120CCC003D4FFA /* BonjourServiceType.swift */ = {isa = PBXFileReference; fileEncoding = 4; lastKnownFileType = sourcecode.swift; path = BonjourServiceType.swift; sourceTree = "<group>"; };
		B6CE1D641E120E4D003D4FFA /* CustomServiceType.swift */ = {isa = PBXFileReference; fileEncoding = 4; lastKnownFileType = sourcecode.swift; path = CustomServiceType.swift; sourceTree = "<group>"; };
		F6240E682A92CF0600951875 /* AppCore.swift */ = {isa = PBXFileReference; lastKnownFileType = sourcecode.swift; path = AppCore.swift; sourceTree = "<group>"; };
		F6240E6B2A92D62200951875 /* BonjourScanForServicesView.swift */ = {isa = PBXFileReference; lastKnownFileType = sourcecode.swift; path = BonjourScanForServicesView.swift; sourceTree = "<group>"; };
		F6240E6E2A92D63400951875 /* BluetoothScanForDevicesView.swift */ = {isa = PBXFileReference; lastKnownFileType = sourcecode.swift; path = BluetoothScanForDevicesView.swift; sourceTree = "<group>"; };
		F6240E732A92D91800951875 /* AppStyles.swift */ = {isa = PBXFileReference; lastKnownFileType = sourcecode.swift; path = AppStyles.swift; sourceTree = "<group>"; };
		F62EDC5E255B9D25003E5178 /* KozBon.entitlements */ = {isa = PBXFileReference; lastKnownFileType = text.plist.entitlements; path = KozBon.entitlements; sourceTree = "<group>"; };
		F661AD9C2C2CAF9F00779621 /* BlueSectionItemIconTitleDetailView.swift */ = {isa = PBXFileReference; lastKnownFileType = sourcecode.swift; path = BlueSectionItemIconTitleDetailView.swift; sourceTree = "<group>"; };
		F661AD9E2C2CD20800779621 /* SelectServiceTypeView.swift */ = {isa = PBXFileReference; lastKnownFileType = sourcecode.swift; path = SelectServiceTypeView.swift; sourceTree = "<group>"; };
		F6781EF72694C5F6009B79F7 /* README.md */ = {isa = PBXFileReference; lastKnownFileType = net.daringfireball.markdown; path = README.md; sourceTree = "<group>"; };
		F67B65302C1B4EC300324FFF /* InternetAddress.swift */ = {isa = PBXFileReference; lastKnownFileType = sourcecode.swift; path = InternetAddress.swift; sourceTree = "<group>"; };
		F67B65322C1B54F400324FFF /* NetService+InternetAddress.swift */ = {isa = PBXFileReference; lastKnownFileType = sourcecode.swift; path = "NetService+InternetAddress.swift"; sourceTree = "<group>"; };
		F67B65342C1B556900324FFF /* Logger.swift */ = {isa = PBXFileReference; lastKnownFileType = sourcecode.swift; path = Logger.swift; sourceTree = "<group>"; };
		F67B65382C1B5CB700324FFF /* BonjourServiceDetailView.swift */ = {isa = PBXFileReference; lastKnownFileType = sourcecode.swift; path = BonjourServiceDetailView.swift; sourceTree = "<group>"; };
		F67B653C2C1B7B9800324FFF /* VerticallyCenteredLabelStyle.swift */ = {isa = PBXFileReference; lastKnownFileType = sourcecode.swift; path = VerticallyCenteredLabelStyle.swift; sourceTree = "<group>"; };
		F67B653E2C1B899B00324FFF /* BonjourServiceType+UI.swift */ = {isa = PBXFileReference; lastKnownFileType = sourcecode.swift; path = "BonjourServiceType+UI.swift"; sourceTree = "<group>"; };
		F67B65562C20CA1F00324FFF /* ContentMarginsBasedOnSizeClass.swift */ = {isa = PBXFileReference; lastKnownFileType = sourcecode.swift; path = ContentMarginsBasedOnSizeClass.swift; sourceTree = "<group>"; };
		F67B655A2C20D6A600324FFF /* CreateOrUpdateBonjourServiceTypeView.swift */ = {isa = PBXFileReference; lastKnownFileType = sourcecode.swift; path = CreateOrUpdateBonjourServiceTypeView.swift; sourceTree = "<group>"; };
		F67B655C2C20D6CA00324FFF /* BroadcastBonjourServiceView.swift */ = {isa = PBXFileReference; lastKnownFileType = sourcecode.swift; path = BroadcastBonjourServiceView.swift; sourceTree = "<group>"; };
		F67B655E2C22107500324FFF /* EmptyStateOverlayView.swift */ = {isa = PBXFileReference; lastKnownFileType = sourcecode.swift; path = EmptyStateOverlayView.swift; sourceTree = "<group>"; };
		F67B65612C22169800324FFF /* SupportedServicesView.swift */ = {isa = PBXFileReference; lastKnownFileType = sourcecode.swift; path = SupportedServicesView.swift; sourceTree = "<group>"; };
		F67B65632C22270000324FFF /* SupportedServiceDetailView.swift */ = {isa = PBXFileReference; lastKnownFileType = sourcecode.swift; path = SupportedServiceDetailView.swift; sourceTree = "<group>"; };
		F67B65672C29E52B00324FFF /* BonjourService+TxtDataRecord.swift */ = {isa = PBXFileReference; lastKnownFileType = sourcecode.swift; path = "BonjourService+TxtDataRecord.swift"; sourceTree = "<group>"; };
		F67B65692C29EACA00324FFF /* BonjourService+Notification.swift */ = {isa = PBXFileReference; lastKnownFileType = sourcecode.swift; path = "BonjourService+Notification.swift"; sourceTree = "<group>"; };
		F690B5FA2561E9B600902DAB /* NetworkExtension.framework */ = {isa = PBXFileReference; lastKnownFileType = wrapper.framework; name = NetworkExtension.framework; path = System/Library/Frameworks/NetworkExtension.framework; sourceTree = SDKROOT; };
		F69E826D2AABA4CA006AA4D3 /* BonjourServicesViewModel.swift */ = {isa = PBXFileReference; lastKnownFileType = sourcecode.swift; path = BonjourServicesViewModel.swift; sourceTree = "<group>"; };
		F69E826F2AABA6B4006AA4D3 /* BonjourServiceSortType.swift */ = {isa = PBXFileReference; lastKnownFileType = sourcecode.swift; path = BonjourServiceSortType.swift; sourceTree = "<group>"; };
		F69E82712AABA7E5006AA4D3 /* BonjourServiceBrowserState.swift */ = {isa = PBXFileReference; lastKnownFileType = sourcecode.swift; path = BonjourServiceBrowserState.swift; sourceTree = "<group>"; };
		F69E82732AABA8A5006AA4D3 /* TransportLayer.swift */ = {isa = PBXFileReference; lastKnownFileType = sourcecode.swift; path = TransportLayer.swift; sourceTree = "<group>"; };
		F6C472FA2C1A248000BBB0F9 /* TopLevelDestination.swift */ = {isa = PBXFileReference; lastKnownFileType = sourcecode.swift; path = TopLevelDestination.swift; sourceTree = "<group>"; };
		F6C50D7B2AB3BDD50048DF8C /* TitleDetailStackView.swift */ = {isa = PBXFileReference; lastKnownFileType = sourcecode.swift; path = TitleDetailStackView.swift; sourceTree = "<group>"; };
		F6C50D7D2AB3C47D0048DF8C /* BonjourServiceListSortMenu.swift */ = {isa = PBXFileReference; lastKnownFileType = sourcecode.swift; path = BonjourServiceListSortMenu.swift; sourceTree = "<group>"; };
		F6C50D812AB3F8A70048DF8C /* BluetoothScanForDevicesViewModel.swift */ = {isa = PBXFileReference; lastKnownFileType = sourcecode.swift; path = BluetoothScanForDevicesViewModel.swift; sourceTree = "<group>"; };
		F6C50D832AB4FF3E0048DF8C /* CBPeripheralState+Util.swift */ = {isa = PBXFileReference; lastKnownFileType = sourcecode.swift; path = "CBPeripheralState+Util.swift"; sourceTree = "<group>"; };
		F6FCAD902C333D3E00752B0B /* KozBonWatchOS.app */ = {isa = PBXFileReference; explicitFileType = wrapper.application; includeInIndex = 0; path = KozBonWatchOS.app; sourceTree = BUILT_PRODUCTS_DIR; };
		F6FCAD952C333D3E00752B0B /* KozBonWatchOS Watch App.app */ = {isa = PBXFileReference; explicitFileType = wrapper.application; includeInIndex = 0; path = "KozBonWatchOS Watch App.app"; sourceTree = BUILT_PRODUCTS_DIR; };
		F6FCAD9A2C333D3E00752B0B /* KozBonWatchOSApp.swift */ = {isa = PBXFileReference; lastKnownFileType = sourcecode.swift; path = KozBonWatchOSApp.swift; sourceTree = "<group>"; };
		F6FCAD9C2C333D3E00752B0B /* ContentView.swift */ = {isa = PBXFileReference; lastKnownFileType = sourcecode.swift; path = ContentView.swift; sourceTree = "<group>"; };
		F6FCAD9E2C333D4000752B0B /* Assets.xcassets */ = {isa = PBXFileReference; lastKnownFileType = folder.assetcatalog; path = Assets.xcassets; sourceTree = "<group>"; };
		F6FCADA12C333D4000752B0B /* Preview Assets.xcassets */ = {isa = PBXFileReference; lastKnownFileType = folder.assetcatalog; path = "Preview Assets.xcassets"; sourceTree = "<group>"; };
		F6FCADAA2C333DAA00752B0B /* KozBonWatchOS-Watch-App-Info.plist */ = {isa = PBXFileReference; lastKnownFileType = text.plist; path = "KozBonWatchOS-Watch-App-Info.plist"; sourceTree = SOURCE_ROOT; };
		F6FCADAB2C33487700752B0B /* CreateTxtRecordView.swift */ = {isa = PBXFileReference; lastKnownFileType = sourcecode.swift; path = CreateTxtRecordView.swift; sourceTree = "<group>"; };
/* End PBXFileReference section */

/* Begin PBXFrameworksBuildPhase section */
		B6CE1D211E1208C1003D4FFA /* Frameworks */ = {
			isa = PBXFrameworksBuildPhase;
			buildActionMask = 2147483647;
			files = (
				F6C472F72C1A1EAB00BBB0F9 /* CoreStorage in Frameworks */,
				F6C472F92C1A1EAB00BBB0F9 /* CoreUI in Frameworks */,
				F690B5FB2561E9B600902DAB /* NetworkExtension.framework in Frameworks */,
				F6C472F52C1A1EAB00BBB0F9 /* Core in Frameworks */,
			);
			runOnlyForDeploymentPostprocessing = 0;
		};
		F6FCAD922C333D3E00752B0B /* Frameworks */ = {
			isa = PBXFrameworksBuildPhase;
			buildActionMask = 2147483647;
			files = (
			);
			runOnlyForDeploymentPostprocessing = 0;
		};
/* End PBXFrameworksBuildPhase section */

/* Begin PBXGroup section */
		B6CE1D1B1E1208C1003D4FFA = {
			isa = PBXGroup;
			children = (
				F62EDC5E255B9D25003E5178 /* KozBon.entitlements */,
				F6781EF72694C5F6009B79F7 /* README.md */,
				B6CE1D261E1208C1003D4FFA /* iDiscover */,
				F6FCAD992C333D3E00752B0B /* KozBonWatchOS Watch App */,
				B6CE1D251E1208C1003D4FFA /* Products */,
				F690B5F92561E9B600902DAB /* Frameworks */,
			);
			sourceTree = "<group>";
		};
		B6CE1D251E1208C1003D4FFA /* Products */ = {
			isa = PBXGroup;
			children = (
				B6CE1D241E1208C1003D4FFA /* KozBon.app */,
				F6FCAD902C333D3E00752B0B /* KozBonWatchOS.app */,
				F6FCAD952C333D3E00752B0B /* KozBonWatchOS Watch App.app */,
			);
			name = Products;
			sourceTree = "<group>";
		};
		B6CE1D261E1208C1003D4FFA /* iDiscover */ = {
			isa = PBXGroup;
			children = (
				F6240E682A92CF0600951875 /* AppCore.swift */,
				F6C472FA2C1A248000BBB0F9 /* TopLevelDestination.swift */,
				F6C473002C1A4D7400BBB0F9 /* BonjourNearbyServices */,
				F67B65602C22169000324FFF /* BonjourSupportedServices */,
				F67B653B2C1B6DAE00324FFF /* Bluetooth */,
				F67B65442C1B922500324FFF /* Model */,
				F67B652F2C1B4EA500324FFF /* Utilities */,
				B6CE1D491E120AF8003D4FFA /* service-names-port-numbers.csv */,
				B6CE1D311E1208C1003D4FFA /* Assets.xcassets */,
				B6CE1D361E1208C1003D4FFA /* Info.plist */,
			);
			path = iDiscover;
			sourceTree = "<group>";
		};
		B6CE1D401E1208F6003D4FFA /* Managed Objects */ = {
			isa = PBXGroup;
			children = (
				B6CE1D641E120E4D003D4FFA /* CustomServiceType.swift */,
			);
			name = "Managed Objects";
			sourceTree = "<group>";
		};
		F67B652F2C1B4EA500324FFF /* Utilities */ = {
			isa = PBXGroup;
			children = (
				F6240E732A92D91800951875 /* AppStyles.swift */,
				F67B65302C1B4EC300324FFF /* InternetAddress.swift */,
				F67B65322C1B54F400324FFF /* NetService+InternetAddress.swift */,
				F67B65342C1B556900324FFF /* Logger.swift */,
				F67B653A2C1B5DA200324FFF /* CoreUI */,
			);
			path = Utilities;
			sourceTree = "<group>";
		};
		F67B65362C1B5C4E00324FFF /* BonjourServiceScanner */ = {
			isa = PBXGroup;
			children = (
				B6CE1D591E120CCC003D4FFA /* BonjourService.swift */,
				F67B65672C29E52B00324FFF /* BonjourService+TxtDataRecord.swift */,
				F67B65692C29EACA00324FFF /* BonjourService+Notification.swift */,
				F69E82712AABA7E5006AA4D3 /* BonjourServiceBrowserState.swift */,
				B6CE1D571E120CCC003D4FFA /* BonjourServiceScanner.swift */,
				B6CE1D5B1E120CCC003D4FFA /* BonjourServiceType.swift */,
				F67B653E2C1B899B00324FFF /* BonjourServiceType+UI.swift */,
				B6089C9B1E1A2A3900C7CF29 /* BonjourServiceType+CustomServiceType.swift */,
				B6CE1D5A1E120CCC003D4FFA /* BonjourServiceTypeScanner.swift */,
				B6CE1D581E120CCC003D4FFA /* BonjourServiceTypeScope.swift */,
				B679CC161E1647670056C7B5 /* MyBonjourPublishManager.swift */,
				B64D06251E1A2C55008B3FC8 /* MyServiceType+Library.swift */,
				F69E82732AABA8A5006AA4D3 /* TransportLayer.swift */,
			);
			path = BonjourServiceScanner;
			sourceTree = "<group>";
		};
		F67B65372C1B5CAE00324FFF /* BonjourServiceDetail */ = {
			isa = PBXGroup;
			children = (
				F67B65382C1B5CB700324FFF /* BonjourServiceDetailView.swift */,
			);
			path = BonjourServiceDetail;
			sourceTree = "<group>";
		};
		F67B653A2C1B5DA200324FFF /* CoreUI */ = {
			isa = PBXGroup;
			children = (
				F67B65562C20CA1F00324FFF /* ContentMarginsBasedOnSizeClass.swift */,
				F661AD9C2C2CAF9F00779621 /* BlueSectionItemIconTitleDetailView.swift */,
				F67B655E2C22107500324FFF /* EmptyStateOverlayView.swift */,
				F6C50D7B2AB3BDD50048DF8C /* TitleDetailStackView.swift */,
				F67B653C2C1B7B9800324FFF /* VerticallyCenteredLabelStyle.swift */,
			);
			path = CoreUI;
			sourceTree = "<group>";
		};
		F67B653B2C1B6DAE00324FFF /* Bluetooth */ = {
			isa = PBXGroup;
			children = (
				F6240E6E2A92D63400951875 /* BluetoothScanForDevicesView.swift */,
				F6C50D812AB3F8A70048DF8C /* BluetoothScanForDevicesViewModel.swift */,
				F67B65432C1B91F300324FFF /* BluetoothScanner */,
			);
			path = Bluetooth;
			sourceTree = "<group>";
		};
		F67B65432C1B91F300324FFF /* BluetoothScanner */ = {
			isa = PBXGroup;
			children = (
				B6BD8C7F2002C6E2009327B2 /* BluetoothDeviceScanner.swift */,
				B6BD8C812002C6F9009327B2 /* CBManagerState+Util.swift */,
				B6BD8C832002C715009327B2 /* BluetoothDevice.swift */,
				F6C50D832AB4FF3E0048DF8C /* CBPeripheralState+Util.swift */,
			);
			path = BluetoothScanner;
			sourceTree = "<group>";
		};
		F67B65442C1B922500324FFF /* Model */ = {
			isa = PBXGroup;
			children = (
				B6CE1D2E1E1208C1003D4FFA /* iDiscover.xcdatamodeld */,
				B6CE1D531E120BF4003D4FFA /* MyCoreDataStack.swift */,
				B6CE1D541E120BF4003D4FFA /* MyDataManager.swift */,
				B6CE1D511E120B9F003D4FFA /* MyDataManagerObject.swift */,
				B6CE1D401E1208F6003D4FFA /* Managed Objects */,
			);
			path = Model;
			sourceTree = "<group>";
		};
		F67B65582C20D68B00324FFF /* BroadcastBonjourServiceView */ = {
			isa = PBXGroup;
			children = (
				F67B655C2C20D6CA00324FFF /* BroadcastBonjourServiceView.swift */,
				F661AD9E2C2CD20800779621 /* SelectServiceTypeView.swift */,
				F6FCADAB2C33487700752B0B /* CreateTxtRecordView.swift */,
			);
			path = BroadcastBonjourServiceView;
			sourceTree = "<group>";
		};
		F67B65602C22169000324FFF /* BonjourSupportedServices */ = {
			isa = PBXGroup;
			children = (
				F67B65612C22169800324FFF /* SupportedServicesView.swift */,
				F67B65632C22270000324FFF /* SupportedServiceDetailView.swift */,
				F67B655A2C20D6A600324FFF /* CreateOrUpdateBonjourServiceTypeView.swift */,
			);
			path = BonjourSupportedServices;
			sourceTree = "<group>";
		};
		F690B5F92561E9B600902DAB /* Frameworks */ = {
			isa = PBXGroup;
			children = (
				F690B5FA2561E9B600902DAB /* NetworkExtension.framework */,
			);
			name = Frameworks;
			sourceTree = "<group>";
		};
		F6C473002C1A4D7400BBB0F9 /* BonjourNearbyServices */ = {
			isa = PBXGroup;
			children = (
				F6240E6B2A92D62200951875 /* BonjourScanForServicesView.swift */,
				F69E826D2AABA4CA006AA4D3 /* BonjourServicesViewModel.swift */,
				F69E826F2AABA6B4006AA4D3 /* BonjourServiceSortType.swift */,
				F6C50D7D2AB3C47D0048DF8C /* BonjourServiceListSortMenu.swift */,
				F67B65372C1B5CAE00324FFF /* BonjourServiceDetail */,
				F67B65582C20D68B00324FFF /* BroadcastBonjourServiceView */,
				F67B65362C1B5C4E00324FFF /* BonjourServiceScanner */,
			);
			path = BonjourNearbyServices;
			sourceTree = "<group>";
		};
		F6FCAD992C333D3E00752B0B /* KozBonWatchOS Watch App */ = {
			isa = PBXGroup;
			children = (
				F6FCADAA2C333DAA00752B0B /* KozBonWatchOS-Watch-App-Info.plist */,
				F6FCAD9A2C333D3E00752B0B /* KozBonWatchOSApp.swift */,
				F6FCAD9C2C333D3E00752B0B /* ContentView.swift */,
				F6FCAD9E2C333D4000752B0B /* Assets.xcassets */,
				F6FCADA02C333D4000752B0B /* Preview Content */,
			);
			path = "KozBonWatchOS Watch App";
			sourceTree = "<group>";
		};
		F6FCADA02C333D4000752B0B /* Preview Content */ = {
			isa = PBXGroup;
			children = (
				F6FCADA12C333D4000752B0B /* Preview Assets.xcassets */,
			);
			path = "Preview Content";
			sourceTree = "<group>";
		};
/* End PBXGroup section */

/* Begin PBXNativeTarget section */
		B6CE1D231E1208C1003D4FFA /* KozBon */ = {
			isa = PBXNativeTarget;
			buildConfigurationList = B6CE1D391E1208C1003D4FFA /* Build configuration list for PBXNativeTarget "KozBon" */;
			buildPhases = (
				B6CE1D201E1208C1003D4FFA /* Sources */,
				B6CE1D211E1208C1003D4FFA /* Frameworks */,
				B6CE1D221E1208C1003D4FFA /* Resources */,
			);
			buildRules = (
			);
			dependencies = (
			);
			name = KozBon;
			packageProductDependencies = (
				F6C472F42C1A1EAB00BBB0F9 /* Core */,
				F6C472F62C1A1EAB00BBB0F9 /* CoreStorage */,
				F6C472F82C1A1EAB00BBB0F9 /* CoreUI */,
			);
			productName = iDiscover;
			productReference = B6CE1D241E1208C1003D4FFA /* KozBon.app */;
			productType = "com.apple.product-type.application";
		};
		F6FCAD8F2C333D3E00752B0B /* KozBonWatchOS */ = {
			isa = PBXNativeTarget;
			buildConfigurationList = F6FCADA92C333D4000752B0B /* Build configuration list for PBXNativeTarget "KozBonWatchOS" */;
			buildPhases = (
				F6FCAD8E2C333D3E00752B0B /* Resources */,
				F6FCADA52C333D4000752B0B /* Embed Watch Content */,
			);
			buildRules = (
			);
			dependencies = (
				F6FCAD982C333D3E00752B0B /* PBXTargetDependency */,
			);
			name = KozBonWatchOS;
			productName = KozBonWatchOS;
			productReference = F6FCAD902C333D3E00752B0B /* KozBonWatchOS.app */;
			productType = "com.apple.product-type.application.watchapp2-container";
		};
		F6FCAD942C333D3E00752B0B /* KozBonWatchOS Watch App */ = {
			isa = PBXNativeTarget;
			buildConfigurationList = F6FCADA82C333D4000752B0B /* Build configuration list for PBXNativeTarget "KozBonWatchOS Watch App" */;
			buildPhases = (
				F6FCAD912C333D3E00752B0B /* Sources */,
				F6FCAD922C333D3E00752B0B /* Frameworks */,
				F6FCAD932C333D3E00752B0B /* Resources */,
			);
			buildRules = (
			);
			dependencies = (
			);
			name = "KozBonWatchOS Watch App";
			productName = "KozBonWatchOS Watch App";
			productReference = F6FCAD952C333D3E00752B0B /* KozBonWatchOS Watch App.app */;
			productType = "com.apple.product-type.application";
		};
/* End PBXNativeTarget section */

/* Begin PBXProject section */
		B6CE1D1C1E1208C1003D4FFA /* Project object */ = {
			isa = PBXProject;
			attributes = {
				BuildIndependentTargetsInParallel = YES;
				LastSwiftUpdateCheck = 1600;
				LastUpgradeCheck = 1500;
				ORGANIZATIONNAME = Kozinga;
				TargetAttributes = {
					B6CE1D231E1208C1003D4FFA = {
						CreatedOnToolsVersion = 8.2.1;
						DevelopmentTeam = 6SS93B87P2;
						LastSwiftMigration = 1220;
						ProvisioningStyle = Automatic;
					};
					F6FCAD8F2C333D3E00752B0B = {
						CreatedOnToolsVersion = 16.0;
					};
					F6FCAD942C333D3E00752B0B = {
						CreatedOnToolsVersion = 16.0;
					};
				};
			};
			buildConfigurationList = B6CE1D1F1E1208C1003D4FFA /* Build configuration list for PBXProject "KozBon" */;
			compatibilityVersion = "Xcode 12.0";
			developmentRegion = en;
			hasScannedForEncodings = 0;
			knownRegions = (
				en,
				Base,
			);
			mainGroup = B6CE1D1B1E1208C1003D4FFA;
			packageReferences = (
				F6C472F32C1A1EAB00BBB0F9 /* XCRemoteSwiftPackageReference "Core" */,
			);
			productRefGroup = B6CE1D251E1208C1003D4FFA /* Products */;
			projectDirPath = "";
			projectRoot = "";
			targets = (
				B6CE1D231E1208C1003D4FFA /* KozBon */,
				F6FCAD8F2C333D3E00752B0B /* KozBonWatchOS */,
				F6FCAD942C333D3E00752B0B /* KozBonWatchOS Watch App */,
			);
		};
/* End PBXProject section */

/* Begin PBXResourcesBuildPhase section */
		B6CE1D221E1208C1003D4FFA /* Resources */ = {
			isa = PBXResourcesBuildPhase;
			buildActionMask = 2147483647;
			files = (
				B6CE1D4A1E120AF8003D4FFA /* service-names-port-numbers.csv in Resources */,
				B6CE1D321E1208C1003D4FFA /* Assets.xcassets in Resources */,
			);
			runOnlyForDeploymentPostprocessing = 0;
		};
		F6FCAD8E2C333D3E00752B0B /* Resources */ = {
			isa = PBXResourcesBuildPhase;
			buildActionMask = 2147483647;
			files = (
			);
			runOnlyForDeploymentPostprocessing = 0;
		};
		F6FCAD932C333D3E00752B0B /* Resources */ = {
			isa = PBXResourcesBuildPhase;
			buildActionMask = 2147483647;
			files = (
				F6FCADA22C333D4000752B0B /* Preview Assets.xcassets in Resources */,
				F6FCAD9F2C333D4000752B0B /* Assets.xcassets in Resources */,
			);
			runOnlyForDeploymentPostprocessing = 0;
		};
/* End PBXResourcesBuildPhase section */

/* Begin PBXSourcesBuildPhase section */
		B6CE1D201E1208C1003D4FFA /* Sources */ = {
			isa = PBXSourcesBuildPhase;
			buildActionMask = 2147483647;
			files = (
				F67B655D2C20D6CA00324FFF /* BroadcastBonjourServiceView.swift in Sources */,
				F69E826E2AABA4CA006AA4D3 /* BonjourServicesViewModel.swift in Sources */,
				B6CE1D5D1E120CCC003D4FFA /* BonjourServiceTypeScope.swift in Sources */,
				F67B65642C22270000324FFF /* SupportedServiceDetailView.swift in Sources */,
				B6CE1D661E120E4D003D4FFA /* CustomServiceType.swift in Sources */,
				B6089C9C1E1A2A3900C7CF29 /* BonjourServiceType+CustomServiceType.swift in Sources */,
				F67B653D2C1B7B9800324FFF /* VerticallyCenteredLabelStyle.swift in Sources */,
				F67B65622C22169800324FFF /* SupportedServicesView.swift in Sources */,
				F6C472FB2C1A248000BBB0F9 /* TopLevelDestination.swift in Sources */,
				F67B65332C1B54F400324FFF /* NetService+InternetAddress.swift in Sources */,
				F6240E692A92CF0600951875 /* AppCore.swift in Sources */,
				F67B65312C1B4EC300324FFF /* InternetAddress.swift in Sources */,
				B6BD8C842002C715009327B2 /* BluetoothDevice.swift in Sources */,
				B6CE1D5F1E120CCC003D4FFA /* BonjourServiceTypeScanner.swift in Sources */,
				F6C50D7E2AB3C47D0048DF8C /* BonjourServiceListSortMenu.swift in Sources */,
				B64D06261E1A2C55008B3FC8 /* MyServiceType+Library.swift in Sources */,
				F67B65572C20CA1F00324FFF /* ContentMarginsBasedOnSizeClass.swift in Sources */,
				F69E82702AABA6B4006AA4D3 /* BonjourServiceSortType.swift in Sources */,
				B6CE1D601E120CCC003D4FFA /* BonjourServiceType.swift in Sources */,
				F67B653F2C1B899B00324FFF /* BonjourServiceType+UI.swift in Sources */,
				F67B65352C1B556900324FFF /* Logger.swift in Sources */,
				B6CE1D5C1E120CCC003D4FFA /* BonjourServiceScanner.swift in Sources */,
				F6240E7F2A941BD500951875 /* (null) in Sources */,
				F67B65392C1B5CB700324FFF /* BonjourServiceDetailView.swift in Sources */,
				F661AD9F2C2CD20800779621 /* SelectServiceTypeView.swift in Sources */,
				B6CE1D561E120BF4003D4FFA /* MyDataManager.swift in Sources */,
				F67B656A2C29EACA00324FFF /* BonjourService+Notification.swift in Sources */,
				F69E82742AABA8A5006AA4D3 /* TransportLayer.swift in Sources */,
				F6C50D842AB4FF3E0048DF8C /* CBPeripheralState+Util.swift in Sources */,
				B679CC171E1647670056C7B5 /* MyBonjourPublishManager.swift in Sources */,
				F6240E6C2A92D62200951875 /* BonjourScanForServicesView.swift in Sources */,
				F6240E742A92D91800951875 /* AppStyles.swift in Sources */,
				F6C50D7C2AB3BDD50048DF8C /* TitleDetailStackView.swift in Sources */,
				F6FCADAC2C33487700752B0B /* CreateTxtRecordView.swift in Sources */,
				B6CE1D301E1208C1003D4FFA /* iDiscover.xcdatamodeld in Sources */,
				F661AD9D2C2CAF9F00779621 /* BlueSectionItemIconTitleDetailView.swift in Sources */,
				F69E82722AABA7E5006AA4D3 /* BonjourServiceBrowserState.swift in Sources */,
				B6CE1D521E120B9F003D4FFA /* MyDataManagerObject.swift in Sources */,
				F6240E6F2A92D63400951875 /* BluetoothScanForDevicesView.swift in Sources */,
				B6CE1D5E1E120CCC003D4FFA /* BonjourService.swift in Sources */,
				F67B655F2C22107500324FFF /* EmptyStateOverlayView.swift in Sources */,
				F6C50D822AB3F8A70048DF8C /* BluetoothScanForDevicesViewModel.swift in Sources */,
				B6BD8C802002C6E2009327B2 /* BluetoothDeviceScanner.swift in Sources */,
				F67B655B2C20D6A600324FFF /* CreateOrUpdateBonjourServiceTypeView.swift in Sources */,
				B6BD8C822002C6F9009327B2 /* CBManagerState+Util.swift in Sources */,
				B6CE1D551E120BF4003D4FFA /* MyCoreDataStack.swift in Sources */,
				F67B65682C29E52B00324FFF /* BonjourService+TxtDataRecord.swift in Sources */,
			);
			runOnlyForDeploymentPostprocessing = 0;
		};
		F6FCAD912C333D3E00752B0B /* Sources */ = {
			isa = PBXSourcesBuildPhase;
			buildActionMask = 2147483647;
			files = (
				F6FCAD9D2C333D3E00752B0B /* ContentView.swift in Sources */,
				F6FCAD9B2C333D3E00752B0B /* KozBonWatchOSApp.swift in Sources */,
			);
			runOnlyForDeploymentPostprocessing = 0;
		};
/* End PBXSourcesBuildPhase section */

/* Begin PBXTargetDependency section */
		F6FCAD982C333D3E00752B0B /* PBXTargetDependency */ = {
			isa = PBXTargetDependency;
			target = F6FCAD942C333D3E00752B0B /* KozBonWatchOS Watch App */;
			targetProxy = F6FCAD972C333D3E00752B0B /* PBXContainerItemProxy */;
		};
/* End PBXTargetDependency section */

/* Begin XCBuildConfiguration section */
		B6CE1D371E1208C1003D4FFA /* Debug */ = {
			isa = XCBuildConfiguration;
			buildSettings = {
				ALWAYS_SEARCH_USER_PATHS = NO;
				APP_DISPLAY_NAME = KozBon;
				ASSETCATALOG_COMPILER_GENERATE_SWIFT_ASSET_SYMBOL_EXTENSIONS = YES;
				CLANG_ANALYZER_LOCALIZABILITY_NONLOCALIZED = YES;
				CLANG_ANALYZER_NONNULL = YES;
				CLANG_CXX_LANGUAGE_STANDARD = "gnu++0x";
				CLANG_CXX_LIBRARY = "libc++";
				CLANG_ENABLE_MODULES = YES;
				CLANG_ENABLE_OBJC_ARC = YES;
				CLANG_WARN_BLOCK_CAPTURE_AUTORELEASING = YES;
				CLANG_WARN_BOOL_CONVERSION = YES;
				CLANG_WARN_COMMA = YES;
				CLANG_WARN_CONSTANT_CONVERSION = YES;
				CLANG_WARN_DEPRECATED_OBJC_IMPLEMENTATIONS = YES;
				CLANG_WARN_DIRECT_OBJC_ISA_USAGE = YES_ERROR;
				CLANG_WARN_DOCUMENTATION_COMMENTS = YES;
				CLANG_WARN_EMPTY_BODY = YES;
				CLANG_WARN_ENUM_CONVERSION = YES;
				CLANG_WARN_INFINITE_RECURSION = YES;
				CLANG_WARN_INT_CONVERSION = YES;
				CLANG_WARN_NON_LITERAL_NULL_CONVERSION = YES;
				CLANG_WARN_OBJC_IMPLICIT_RETAIN_SELF = YES;
				CLANG_WARN_OBJC_LITERAL_CONVERSION = YES;
				CLANG_WARN_OBJC_ROOT_CLASS = YES_ERROR;
				CLANG_WARN_QUOTED_INCLUDE_IN_FRAMEWORK_HEADER = YES;
				CLANG_WARN_RANGE_LOOP_ANALYSIS = YES;
				CLANG_WARN_STRICT_PROTOTYPES = YES;
				CLANG_WARN_SUSPICIOUS_MOVE = YES;
				CLANG_WARN_UNREACHABLE_CODE = YES;
				CLANG_WARN__DUPLICATE_METHOD_MATCH = YES;
				"CODE_SIGN_IDENTITY[sdk=iphoneos*]" = "iPhone Developer";
				COPY_PHASE_STRIP = NO;
				DEBUG_INFORMATION_FORMAT = dwarf;
				ENABLE_STRICT_OBJC_MSGSEND = YES;
				ENABLE_TESTABILITY = YES;
				ENABLE_USER_SCRIPT_SANDBOXING = YES;
				GCC_C_LANGUAGE_STANDARD = gnu99;
				GCC_DYNAMIC_NO_PIC = NO;
				GCC_NO_COMMON_BLOCKS = YES;
				GCC_OPTIMIZATION_LEVEL = 0;
				GCC_PREPROCESSOR_DEFINITIONS = (
					"DEBUG=1",
					"$(inherited)",
				);
				GCC_WARN_64_TO_32_BIT_CONVERSION = YES;
				GCC_WARN_ABOUT_RETURN_TYPE = YES_ERROR;
				GCC_WARN_UNDECLARED_SELECTOR = YES;
				GCC_WARN_UNINITIALIZED_AUTOS = YES_AGGRESSIVE;
				GCC_WARN_UNUSED_FUNCTION = YES;
				GCC_WARN_UNUSED_VARIABLE = YES;
				IPHONEOS_DEPLOYMENT_TARGET = 12.0;
				MTL_ENABLE_DEBUG_INFO = YES;
				ONLY_ACTIVE_ARCH = YES;
				SDKROOT = iphoneos;
				SWIFT_ACTIVE_COMPILATION_CONDITIONS = DEBUG;
				SWIFT_OPTIMIZATION_LEVEL = "-Onone";
				TARGETED_DEVICE_FAMILY = "1,2";
			};
			name = Debug;
		};
		B6CE1D381E1208C1003D4FFA /* Release */ = {
			isa = XCBuildConfiguration;
			buildSettings = {
				ALWAYS_SEARCH_USER_PATHS = NO;
				APP_DISPLAY_NAME = KozBon;
				ASSETCATALOG_COMPILER_GENERATE_SWIFT_ASSET_SYMBOL_EXTENSIONS = YES;
				CLANG_ANALYZER_LOCALIZABILITY_NONLOCALIZED = YES;
				CLANG_ANALYZER_NONNULL = YES;
				CLANG_CXX_LANGUAGE_STANDARD = "gnu++0x";
				CLANG_CXX_LIBRARY = "libc++";
				CLANG_ENABLE_MODULES = YES;
				CLANG_ENABLE_OBJC_ARC = YES;
				CLANG_WARN_BLOCK_CAPTURE_AUTORELEASING = YES;
				CLANG_WARN_BOOL_CONVERSION = YES;
				CLANG_WARN_COMMA = YES;
				CLANG_WARN_CONSTANT_CONVERSION = YES;
				CLANG_WARN_DEPRECATED_OBJC_IMPLEMENTATIONS = YES;
				CLANG_WARN_DIRECT_OBJC_ISA_USAGE = YES_ERROR;
				CLANG_WARN_DOCUMENTATION_COMMENTS = YES;
				CLANG_WARN_EMPTY_BODY = YES;
				CLANG_WARN_ENUM_CONVERSION = YES;
				CLANG_WARN_INFINITE_RECURSION = YES;
				CLANG_WARN_INT_CONVERSION = YES;
				CLANG_WARN_NON_LITERAL_NULL_CONVERSION = YES;
				CLANG_WARN_OBJC_IMPLICIT_RETAIN_SELF = YES;
				CLANG_WARN_OBJC_LITERAL_CONVERSION = YES;
				CLANG_WARN_OBJC_ROOT_CLASS = YES_ERROR;
				CLANG_WARN_QUOTED_INCLUDE_IN_FRAMEWORK_HEADER = YES;
				CLANG_WARN_RANGE_LOOP_ANALYSIS = YES;
				CLANG_WARN_STRICT_PROTOTYPES = YES;
				CLANG_WARN_SUSPICIOUS_MOVE = YES;
				CLANG_WARN_UNREACHABLE_CODE = YES;
				CLANG_WARN__DUPLICATE_METHOD_MATCH = YES;
				"CODE_SIGN_IDENTITY[sdk=iphoneos*]" = "iPhone Developer";
				COPY_PHASE_STRIP = NO;
				DEBUG_INFORMATION_FORMAT = "dwarf-with-dsym";
				ENABLE_NS_ASSERTIONS = NO;
				ENABLE_STRICT_OBJC_MSGSEND = YES;
				ENABLE_USER_SCRIPT_SANDBOXING = YES;
				GCC_C_LANGUAGE_STANDARD = gnu99;
				GCC_NO_COMMON_BLOCKS = YES;
				GCC_WARN_64_TO_32_BIT_CONVERSION = YES;
				GCC_WARN_ABOUT_RETURN_TYPE = YES_ERROR;
				GCC_WARN_UNDECLARED_SELECTOR = YES;
				GCC_WARN_UNINITIALIZED_AUTOS = YES_AGGRESSIVE;
				GCC_WARN_UNUSED_FUNCTION = YES;
				GCC_WARN_UNUSED_VARIABLE = YES;
				IPHONEOS_DEPLOYMENT_TARGET = 12.0;
				MTL_ENABLE_DEBUG_INFO = NO;
				SDKROOT = iphoneos;
				SWIFT_COMPILATION_MODE = wholemodule;
				SWIFT_OPTIMIZATION_LEVEL = "-O";
				TARGETED_DEVICE_FAMILY = "1,2";
				VALIDATE_PRODUCT = YES;
			};
			name = Release;
		};
		B6CE1D3A1E1208C1003D4FFA /* Debug */ = {
			isa = XCBuildConfiguration;
			buildSettings = {
				ASSETCATALOG_COMPILER_APPICON_NAME = AppIcon;
				CODE_SIGN_ENTITLEMENTS = KozBon.entitlements;
				CURRENT_PROJECT_VERSION = 90;
				DEVELOPMENT_TEAM = 6SS93B87P2;
				INFOPLIST_FILE = iDiscover/Info.plist;
				INFOPLIST_KEY_CFBundleDisplayName = KozBon;
				INFOPLIST_KEY_LSApplicationCategoryType = "public.app-category.utilities";
				IPHONEOS_DEPLOYMENT_TARGET = 16.0;
				LD_RUNPATH_SEARCH_PATHS = (
					"$(inherited)",
					"@executable_path/Frameworks",
				);
				MARKETING_VERSION = 3.0;
				PRODUCT_BUNDLE_IDENTIFIER = com.kozinga.KozBon;
				PRODUCT_NAME = "$(TARGET_NAME)";
				SUPPORTED_PLATFORMS = "iphoneos iphonesimulator macosx xros xrsimulator";
				SUPPORTS_MACCATALYST = NO;
				SUPPORTS_MAC_DESIGNED_FOR_IPHONE_IPAD = NO;
				SUPPORTS_XR_DESIGNED_FOR_IPHONE_IPAD = NO;
				SWIFT_SWIFT3_OBJC_INFERENCE = On;
				SWIFT_VERSION = 5.0;
				TARGETED_DEVICE_FAMILY = "1,2,7";
				XROS_DEPLOYMENT_TARGET = 1.0;
			};
			name = Debug;
		};
		B6CE1D3B1E1208C1003D4FFA /* Release */ = {
			isa = XCBuildConfiguration;
			buildSettings = {
				ASSETCATALOG_COMPILER_APPICON_NAME = AppIcon;
				CODE_SIGN_ENTITLEMENTS = KozBon.entitlements;
				CURRENT_PROJECT_VERSION = 90;
				DEVELOPMENT_TEAM = 6SS93B87P2;
				INFOPLIST_FILE = iDiscover/Info.plist;
				INFOPLIST_KEY_CFBundleDisplayName = KozBon;
				INFOPLIST_KEY_LSApplicationCategoryType = "public.app-category.utilities";
				IPHONEOS_DEPLOYMENT_TARGET = 16.0;
				LD_RUNPATH_SEARCH_PATHS = (
					"$(inherited)",
					"@executable_path/Frameworks",
				);
				MARKETING_VERSION = 3.0;
				PRODUCT_BUNDLE_IDENTIFIER = com.kozinga.KozBon;
				PRODUCT_NAME = "$(TARGET_NAME)";
				SUPPORTED_PLATFORMS = "iphoneos iphonesimulator macosx xros xrsimulator";
				SUPPORTS_MACCATALYST = NO;
				SUPPORTS_MAC_DESIGNED_FOR_IPHONE_IPAD = NO;
				SUPPORTS_XR_DESIGNED_FOR_IPHONE_IPAD = NO;
				SWIFT_SWIFT3_OBJC_INFERENCE = On;
				SWIFT_VERSION = 5.0;
				TARGETED_DEVICE_FAMILY = "1,2,7";
				XROS_DEPLOYMENT_TARGET = 1.0;
			};
			name = Release;
		};
		F6FCADA32C333D4000752B0B /* Debug */ = {
			isa = XCBuildConfiguration;
			buildSettings = {
				CLANG_ANALYZER_NUMBER_OBJECT_CONVERSION = YES_AGGRESSIVE;
				CLANG_CXX_LANGUAGE_STANDARD = "gnu++20";
				CLANG_ENABLE_OBJC_WEAK = YES;
				CLANG_WARN_UNGUARDED_AVAILABILITY = YES_AGGRESSIVE;
				CODE_SIGN_STYLE = Automatic;
				CURRENT_PROJECT_VERSION = 1;
				DEVELOPMENT_TEAM = 6SS93B87P2;
				GCC_C_LANGUAGE_STANDARD = gnu17;
				INFOPLIST_KEY_CFBundleDisplayName = KozBonWatchOS;
				LOCALIZATION_PREFERS_STRING_CATALOGS = YES;
				MARKETING_VERSION = 1.0;
				MTL_ENABLE_DEBUG_INFO = INCLUDE_SOURCE;
				MTL_FAST_MATH = YES;
				PRODUCT_BUNDLE_IDENTIFIER = com.kozinga.KozBonWatchOS;
				PRODUCT_NAME = "$(TARGET_NAME)";
				SWIFT_ACTIVE_COMPILATION_CONDITIONS = "DEBUG $(inherited)";
				SWIFT_VERSION = 5.0;
			};
			name = Debug;
		};
		F6FCADA42C333D4000752B0B /* Release */ = {
			isa = XCBuildConfiguration;
			buildSettings = {
				CLANG_ANALYZER_NUMBER_OBJECT_CONVERSION = YES_AGGRESSIVE;
				CLANG_CXX_LANGUAGE_STANDARD = "gnu++20";
				CLANG_ENABLE_OBJC_WEAK = YES;
				CLANG_WARN_UNGUARDED_AVAILABILITY = YES_AGGRESSIVE;
				CODE_SIGN_STYLE = Automatic;
				CURRENT_PROJECT_VERSION = 1;
				DEVELOPMENT_TEAM = 6SS93B87P2;
				GCC_C_LANGUAGE_STANDARD = gnu17;
				INFOPLIST_KEY_CFBundleDisplayName = KozBonWatchOS;
				LOCALIZATION_PREFERS_STRING_CATALOGS = YES;
				MARKETING_VERSION = 1.0;
				MTL_FAST_MATH = YES;
				PRODUCT_BUNDLE_IDENTIFIER = com.kozinga.KozBonWatchOS;
				PRODUCT_NAME = "$(TARGET_NAME)";
				SWIFT_VERSION = 5.0;
			};
			name = Release;
		};
		F6FCADA62C333D4000752B0B /* Debug */ = {
			isa = XCBuildConfiguration;
			buildSettings = {
				ASSETCATALOG_COMPILER_APPICON_NAME = AppIcon;
				ASSETCATALOG_COMPILER_GLOBAL_ACCENT_COLOR_NAME = AccentColor;
				CLANG_ANALYZER_NUMBER_OBJECT_CONVERSION = YES_AGGRESSIVE;
				CLANG_CXX_LANGUAGE_STANDARD = "gnu++20";
				CLANG_ENABLE_OBJC_WEAK = YES;
				CLANG_WARN_UNGUARDED_AVAILABILITY = YES_AGGRESSIVE;
				CODE_SIGN_STYLE = Automatic;
				CURRENT_PROJECT_VERSION = 1;
				DEVELOPMENT_ASSET_PATHS = "\"KozBonWatchOS Watch App/Preview Content\"";
				DEVELOPMENT_TEAM = 6SS93B87P2;
				ENABLE_PREVIEWS = YES;
				GCC_C_LANGUAGE_STANDARD = gnu17;
				GENERATE_INFOPLIST_FILE = YES;
				INFOPLIST_FILE = "KozBonWatchOS-Watch-App-Info.plist";
				INFOPLIST_KEY_CFBundleDisplayName = KozBonWatchOS;
				INFOPLIST_KEY_UISupportedInterfaceOrientations = "UIInterfaceOrientationPortrait UIInterfaceOrientationPortraitUpsideDown";
				INFOPLIST_KEY_WKWatchOnly = YES;
				LD_RUNPATH_SEARCH_PATHS = (
					"$(inherited)",
					"@executable_path/Frameworks",
				);
				LOCALIZATION_PREFERS_STRING_CATALOGS = YES;
				MARKETING_VERSION = 1.0;
				MTL_ENABLE_DEBUG_INFO = INCLUDE_SOURCE;
				MTL_FAST_MATH = YES;
				PRODUCT_BUNDLE_IDENTIFIER = com.kozinga.KozBonWatchOS.watchkitapp;
				PRODUCT_NAME = "$(TARGET_NAME)";
				SDKROOT = watchos;
				SKIP_INSTALL = YES;
				SWIFT_ACTIVE_COMPILATION_CONDITIONS = "DEBUG $(inherited)";
				SWIFT_EMIT_LOC_STRINGS = YES;
				SWIFT_VERSION = 5.0;
				TARGETED_DEVICE_FAMILY = 4;
				WATCHOS_DEPLOYMENT_TARGET = 11.0;
			};
			name = Debug;
		};
		F6FCADA72C333D4000752B0B /* Release */ = {
			isa = XCBuildConfiguration;
			buildSettings = {
				ASSETCATALOG_COMPILER_APPICON_NAME = AppIcon;
				ASSETCATALOG_COMPILER_GLOBAL_ACCENT_COLOR_NAME = AccentColor;
				CLANG_ANALYZER_NUMBER_OBJECT_CONVERSION = YES_AGGRESSIVE;
				CLANG_CXX_LANGUAGE_STANDARD = "gnu++20";
				CLANG_ENABLE_OBJC_WEAK = YES;
				CLANG_WARN_UNGUARDED_AVAILABILITY = YES_AGGRESSIVE;
				CODE_SIGN_STYLE = Automatic;
				CURRENT_PROJECT_VERSION = 1;
				DEVELOPMENT_ASSET_PATHS = "\"KozBonWatchOS Watch App/Preview Content\"";
				DEVELOPMENT_TEAM = 6SS93B87P2;
				ENABLE_PREVIEWS = YES;
				GCC_C_LANGUAGE_STANDARD = gnu17;
				GENERATE_INFOPLIST_FILE = YES;
				INFOPLIST_FILE = "KozBonWatchOS-Watch-App-Info.plist";
				INFOPLIST_KEY_CFBundleDisplayName = KozBonWatchOS;
				INFOPLIST_KEY_UISupportedInterfaceOrientations = "UIInterfaceOrientationPortrait UIInterfaceOrientationPortraitUpsideDown";
				INFOPLIST_KEY_WKWatchOnly = YES;
				LD_RUNPATH_SEARCH_PATHS = (
					"$(inherited)",
					"@executable_path/Frameworks",
				);
				LOCALIZATION_PREFERS_STRING_CATALOGS = YES;
				MARKETING_VERSION = 1.0;
				MTL_FAST_MATH = YES;
				PRODUCT_BUNDLE_IDENTIFIER = com.kozinga.KozBonWatchOS.watchkitapp;
				PRODUCT_NAME = "$(TARGET_NAME)";
				SDKROOT = watchos;
				SKIP_INSTALL = YES;
				SWIFT_EMIT_LOC_STRINGS = YES;
				SWIFT_VERSION = 5.0;
				TARGETED_DEVICE_FAMILY = 4;
				WATCHOS_DEPLOYMENT_TARGET = 11.0;
			};
			name = Release;
		};
/* End XCBuildConfiguration section */

/* Begin XCConfigurationList section */
		B6CE1D1F1E1208C1003D4FFA /* Build configuration list for PBXProject "KozBon" */ = {
			isa = XCConfigurationList;
			buildConfigurations = (
				B6CE1D371E1208C1003D4FFA /* Debug */,
				B6CE1D381E1208C1003D4FFA /* Release */,
			);
			defaultConfigurationIsVisible = 0;
			defaultConfigurationName = Release;
		};
		B6CE1D391E1208C1003D4FFA /* Build configuration list for PBXNativeTarget "KozBon" */ = {
			isa = XCConfigurationList;
			buildConfigurations = (
				B6CE1D3A1E1208C1003D4FFA /* Debug */,
				B6CE1D3B1E1208C1003D4FFA /* Release */,
			);
			defaultConfigurationIsVisible = 0;
			defaultConfigurationName = Release;
		};
		F6FCADA82C333D4000752B0B /* Build configuration list for PBXNativeTarget "KozBonWatchOS Watch App" */ = {
			isa = XCConfigurationList;
			buildConfigurations = (
				F6FCADA62C333D4000752B0B /* Debug */,
				F6FCADA72C333D4000752B0B /* Release */,
			);
			defaultConfigurationIsVisible = 0;
			defaultConfigurationName = Release;
		};
		F6FCADA92C333D4000752B0B /* Build configuration list for PBXNativeTarget "KozBonWatchOS" */ = {
			isa = XCConfigurationList;
			buildConfigurations = (
				F6FCADA32C333D4000752B0B /* Debug */,
				F6FCADA42C333D4000752B0B /* Release */,
			);
			defaultConfigurationIsVisible = 0;
			defaultConfigurationName = Release;
		};
/* End XCConfigurationList section */

/* Begin XCRemoteSwiftPackageReference section */
		F6C472F32C1A1EAB00BBB0F9 /* XCRemoteSwiftPackageReference "Core" */ = {
			isa = XCRemoteSwiftPackageReference;
			repositoryURL = "https://github.com/kelvinkosbab/Core.git";
			requirement = {
				branch = main;
				kind = branch;
			};
		};
/* End XCRemoteSwiftPackageReference section */

/* Begin XCSwiftPackageProductDependency section */
		F6C472F42C1A1EAB00BBB0F9 /* Core */ = {
			isa = XCSwiftPackageProductDependency;
			package = F6C472F32C1A1EAB00BBB0F9 /* XCRemoteSwiftPackageReference "Core" */;
			productName = Core;
		};
		F6C472F62C1A1EAB00BBB0F9 /* CoreStorage */ = {
			isa = XCSwiftPackageProductDependency;
			package = F6C472F32C1A1EAB00BBB0F9 /* XCRemoteSwiftPackageReference "Core" */;
			productName = CoreStorage;
		};
		F6C472F82C1A1EAB00BBB0F9 /* CoreUI */ = {
			isa = XCSwiftPackageProductDependency;
			package = F6C472F32C1A1EAB00BBB0F9 /* XCRemoteSwiftPackageReference "Core" */;
			productName = CoreUI;
		};
/* End XCSwiftPackageProductDependency section */

/* Begin XCVersionGroup section */
		B6CE1D2E1E1208C1003D4FFA /* iDiscover.xcdatamodeld */ = {
			isa = XCVersionGroup;
			children = (
				B6CE1D2F1E1208C1003D4FFA /* iDiscover.xcdatamodel */,
			);
			currentVersion = B6CE1D2F1E1208C1003D4FFA /* iDiscover.xcdatamodel */;
			path = iDiscover.xcdatamodeld;
			sourceTree = "<group>";
			versionGroupType = wrapper.xcdatamodel;
		};
/* End XCVersionGroup section */
	};
	rootObject = B6CE1D1C1E1208C1003D4FFA /* Project object */;
}
